// !$*UTF8*$!
{
	archiveVersion = 1;
	classes = {
	};
	objectVersion = 77;
	objects = {

/* Begin PBXBuildFile section */
		00DF02D1DEA3A8F1D92D566D /* AuthViewModelLoginTests.swift in Sources */ = {isa = PBXBuildFile; fileRef = 3078B92AEE53BB559CAF9D91 /* AuthViewModelLoginTests.swift */; };
		02F9413F20604E7547379DA1 /* filters-generated-and-tests.json in Resources */ = {isa = PBXBuildFile; fileRef = CE58BD5098AF932A4B19E183 /* filters-generated-and-tests.json */; };
		04FC656A78E89F96C543C416 /* FlightDetailViewRenderTestSupport.swift in Sources */ = {isa = PBXBuildFile; fileRef = 21687B3BBBA5868D9297EEAE /* FlightDetailViewRenderTestSupport.swift */; };
		06564F18A38AD103EA5AA1A1 /* ListFlightsUseCaseRefreshTests.swift in Sources */ = {isa = PBXBuildFile; fileRef = 830322D37DD3025FD231BE18 /* ListFlightsUseCaseRefreshTests.swift */; };
		0A2403FA3B07831D32873928 /* MemoryLeakTracker.swift in Sources */ = {isa = PBXBuildFile; fileRef = 3A687F58465F96B0FA3C2235 /* MemoryLeakTracker.swift */; };
		0E17FBB7268643E6241ECE09 /* SharedNavigation in Frameworks */ = {isa = PBXBuildFile; productRef = BF6768340C61BB4C01A66A86 /* SharedNavigation */; };
		107036A98C7A231EDDFC8C70 /* FlightsFeature in Frameworks */ = {isa = PBXBuildFile; productRef = 1E4C6CDF47452EC0C3B8DEC3 /* FlightsFeature */; };
		10A4C6045A42421A36151D9E /* RemoteAuthGatewayTestSupport.swift in Sources */ = {isa = PBXBuildFile; fileRef = FB2817DFE657C81B36E0B143 /* RemoteAuthGatewayTestSupport.swift */; };
		10ABBAFC8EE97BD7C862405C /* below-threshold.json in Resources */ = {isa = PBXBuildFile; fileRef = D3C00CEAD8F9FDAC26649C0B /* below-threshold.json */; };
		13DCC6E28A264079541C1AD7 /* BoardingPassViewRenderTestSupport.swift in Sources */ = {isa = PBXBuildFile; fileRef = 1EC814A0AE776CB1DA9023BD /* BoardingPassViewRenderTestSupport.swift */; };
		14D69548F77B9ED798363E18 /* ProtectedPathCommandChannelTests.swift in Sources */ = {isa = PBXBuildFile; fileRef = 819AAD47AD6661D39D4F521D /* ProtectedPathCommandChannelTests.swift */; };
		1F06B5408F2A51A12D18D546 /* BoardingPassViewModelTestSupport.swift in Sources */ = {isa = PBXBuildFile; fileRef = 60813BB4D0EDE19F99B6FF4A /* BoardingPassViewModelTestSupport.swift */; };
		1FA5AF9B63DB5EF210430769 /* GetBoardingPassUseCaseTests.swift in Sources */ = {isa = PBXBuildFile; fileRef = F46BF773AB67D11E39C08FD7 /* GetBoardingPassUseCaseTests.swift */; };
		2406146351080FAF736FF1DF /* AuthTestFixtures.swift in Sources */ = {isa = PBXBuildFile; fileRef = 426493D6CF25AEFB395301CC /* AuthTestFixtures.swift */; };
		27DAC36BABC04EA3288AAA2D /* AuthViewModelTestSupport.swift in Sources */ = {isa = PBXBuildFile; fileRef = B52F48032A14DA482B9B0963 /* AuthViewModelTestSupport.swift */; };
		296D1B04AF9033D3002EA3E3 /* ViewRenderSmoke.swift in Sources */ = {isa = PBXBuildFile; fileRef = BF279466DE6967A43D0B691B /* ViewRenderSmoke.swift */; };
		2B021771C2633B8B20EF853D /* FlightStatusPresentationTests.swift in Sources */ = {isa = PBXBuildFile; fileRef = 78B4E7E0338376E4EEEF4895 /* FlightStatusPresentationTests.swift */; };
		2DC5E8A4900972B15BF88DC2 /* CatalogWeatherRepositoryTests.swift in Sources */ = {isa = PBXBuildFile; fileRef = 5262D72F6E321007BE60C664 /* CatalogWeatherRepositoryTests.swift */; };
		2E305558CC3C991C28484A2E /* NavigationEventBusTests.swift in Sources */ = {isa = PBXBuildFile; fileRef = 0ED93F8320CCF6CE66CD3666 /* NavigationEventBusTests.swift */; };
		2F281678FE19D22F5E5E2906 /* above-threshold.json in Resources */ = {isa = PBXBuildFile; fileRef = 58541C5B512BB88E562CEB9C /* above-threshold.json */; };
		35DAF56DD3586BE67FF41456 /* FlightFixtures.swift in Sources */ = {isa = PBXBuildFile; fileRef = B8764C9344DA452235FCA9DD /* FlightFixtures.swift */; };
		371355112F5787D382C8B2F5 /* AppStringsTests.swift in Sources */ = {isa = PBXBuildFile; fileRef = 53E4847952591AF5D27DB3AC /* AppStringsTests.swift */; };
		3D84B2D0C09B3CB199D32104 /* FlightListViewModelTestSupport.swift in Sources */ = {isa = PBXBuildFile; fileRef = C373FF7FB2B38D57EF52AF0A /* FlightListViewModelTestSupport.swift */; };
		3E13526F7397D86980B754FA /* GetFlightDetailUseCaseTestSupport.swift in Sources */ = {isa = PBXBuildFile; fileRef = 57BE8D0F5F552B44D4F3C019 /* GetFlightDetailUseCaseTestSupport.swift */; };
		4086B997A6A8E8520E18AB5A /* FlightDetailViewRenderTests.swift in Sources */ = {isa = PBXBuildFile; fileRef = 505E37574458216D6CAD94E4 /* FlightDetailViewRenderTests.swift */; };
		4197775AC4920059DB6CFB5A /* NavigationEventBusTestSupport.swift in Sources */ = {isa = PBXBuildFile; fileRef = BB7C4AA47B7B8847F2B1F3DB /* NavigationEventBusTestSupport.swift */; };
		44F206AC2E47E5AA580CE0B4 /* BoardingPassRepositorySpy.swift in Sources */ = {isa = PBXBuildFile; fileRef = 219BE63A59B8E42E1A3EA696 /* BoardingPassRepositorySpy.swift */; };
		462A3BC09A0BACAA1D82895B /* BoardingPassOperationalTimeTests.swift in Sources */ = {isa = PBXBuildFile; fileRef = D92CD87CBDADFF86F315085D /* BoardingPassOperationalTimeTests.swift */; };
		466E3B3CBA293B165354F89C /* CompositionRootSmokeTestSupport.swift in Sources */ = {isa = PBXBuildFile; fileRef = 1B1C6470FDCD50D5A663EF49 /* CompositionRootSmokeTestSupport.swift */; };
		4673F75CA02895C758531909 /* AppCoordinatorProtectedNavigationTests.swift in Sources */ = {isa = PBXBuildFile; fileRef = 12C0472A65B449DB711C3A5B /* AppCoordinatorProtectedNavigationTests.swift */; };
		4959A3E1A978DD5E2AA15C69 /* FlightDetailViewModelTestSupport.swift in Sources */ = {isa = PBXBuildFile; fileRef = 95957995D0B9CA0A0F4F4683 /* FlightDetailViewModelTestSupport.swift */; };
		4D35A11C4AB93827E553EC61 /* SharedKernel in Frameworks */ = {isa = PBXBuildFile; productRef = 6ACDDE72595B705B0121AA3A /* SharedKernel */; };
		4F3B9D10BD8233074693C786 /* LogoutUseCaseTests.swift in Sources */ = {isa = PBXBuildFile; fileRef = 7FAC9BD23C1F981B930D61B7 /* LogoutUseCaseTests.swift */; };
		570A3C7C7EA23BF63C969BB7 /* AppCoordinatorTestSupport.swift in Sources */ = {isa = PBXBuildFile; fileRef = 1296AF3C0CC64D9905E5ED17 /* AppCoordinatorTestSupport.swift */; };
		57209250F7C806A73E0B4C12 /* AppComposition in Frameworks */ = {isa = PBXBuildFile; productRef = 15E7A1DD29BCB38035BC3C9B /* AppComposition */; };
		59EBE7A7FB7278E0AE8A27F7 /* LoginViewRenderTests.swift in Sources */ = {isa = PBXBuildFile; fileRef = 23CE519DB6D67A111B2750F7 /* LoginViewRenderTests.swift */; };
		61C1515A6D14D6CDDD40CD39 /* ProtectedPathCommandChannelTestSupport.swift in Sources */ = {isa = PBXBuildFile; fileRef = AA45E64E73F8C7FB2B44DE2F /* ProtectedPathCommandChannelTestSupport.swift */; };
		67F2B45022E7B61028F7D2A2 /* CoverageGateScriptTests.swift in Sources */ = {isa = PBXBuildFile; fileRef = AED5CBF55FBB55F69EB39BE9 /* CoverageGateScriptTests.swift */; };
		68FD7536C7BBD162C0C862F7 /* BoardingPassViewModelTests.swift in Sources */ = {isa = PBXBuildFile; fileRef = B6FE4224C4AB93E05C9A5387 /* BoardingPassViewModelTests.swift */; };
		69C21CEBEDD1B2C9EE3C1C2A /* FlightListViewModelLoadingTests.swift in Sources */ = {isa = PBXBuildFile; fileRef = 44EC4530481F070B13F00F08 /* FlightListViewModelLoadingTests.swift */; };
		6D2A361FD4A085CE71ACB82F /* BoardingPassViewRenderTests.swift in Sources */ = {isa = PBXBuildFile; fileRef = D672487BDBC884345718DE33 /* BoardingPassViewRenderTests.swift */; };
		7248B24B87FCE04953F62D3C /* AuthFeature in Frameworks */ = {isa = PBXBuildFile; productRef = 0E7C53DE37F7530BA7806A7C /* AuthFeature */; };
		72DDB2BBE730ECCF597CEC73 /* ShowcaseAuthRuntimeConfigurationTests.swift in Sources */ = {isa = PBXBuildFile; fileRef = D93A7331B4174C2DA223A592 /* ShowcaseAuthRuntimeConfigurationTests.swift */; };
		74095BB895652543A1F1ABBB /* ShowcaseAuthRuntimeConfigurationTestSupport.swift in Sources */ = {isa = PBXBuildFile; fileRef = 141A0982A553FAA4515B26AC /* ShowcaseAuthRuntimeConfigurationTestSupport.swift */; };
		7515F9D596201118865B1C82 /* ProtectedNavigationPolicyTests.swift in Sources */ = {isa = PBXBuildFile; fileRef = 5BA4D805D78EFAF32A672EEE /* ProtectedNavigationPolicyTests.swift */; };
		757DA044E1FF17F97C7ED84A /* KeychainSessionStoreTestSupport.swift in Sources */ = {isa = PBXBuildFile; fileRef = 7C0BA00BA467CFFC522AEB7C /* KeychainSessionStoreTestSupport.swift */; };
		75971B41DD8CFC9F8082AC28 /* CompositionRootSmokeTests.swift in Sources */ = {isa = PBXBuildFile; fileRef = 46B3C283BBE020692A51207F /* CompositionRootSmokeTests.swift */; };
		75E3149A92D51FCA198092D2 /* ProtectedNavigationPolicyTestSupport.swift in Sources */ = {isa = PBXBuildFile; fileRef = CFBBCFB02708176FA811F1CD /* ProtectedNavigationPolicyTestSupport.swift */; };
		77E9A27A7B542127F739F998 /* iOSArchitectureShowcaseApp.swift in Sources */ = {isa = PBXBuildFile; fileRef = 4FB4D4894587CCC510942F70 /* iOSArchitectureShowcaseApp.swift */; };
		795439E18847D04A2599FE8B /* LoginUseCaseTestSupport.swift in Sources */ = {isa = PBXBuildFile; fileRef = 06F74FF7ECD52B42D7BA6B9C /* LoginUseCaseTestSupport.swift */; };
		7A23A21E028FA391093BCA56 /* FlightDetailViewModelTests.swift in Sources */ = {isa = PBXBuildFile; fileRef = 0119D1057EE6A269775480C9 /* FlightDetailViewModelTests.swift */; };
		844B0C555CEAFEA3A82921A2 /* NavigationEventBusSpy.swift in Sources */ = {isa = PBXBuildFile; fileRef = CEF88DDBA09240FA31CF9B8D /* NavigationEventBusSpy.swift */; };
		8517C5E7AB2CB0BB1A9B790C /* CatalogBoardingPassRepositoryTests.swift in Sources */ = {isa = PBXBuildFile; fileRef = 46D4C46AC3A267014129EEDC /* CatalogBoardingPassRepositoryTests.swift */; };
		8ADADD114CD834E27CE918B6 /* AppReducerSessionTests.swift in Sources */ = {isa = PBXBuildFile; fileRef = F40513C67D0712ECA68B9472 /* AppReducerSessionTests.swift */; };
		8AE087024E55305BFFEFA949 /* ListFlightsUseCaseTestSupport.swift in Sources */ = {isa = PBXBuildFile; fileRef = 2B4D94CA7C6B830AEAEE1438 /* ListFlightsUseCaseTestSupport.swift */; };
		8BF9998315C9B78B537A7DE2 /* FlightListViewRenderTestSupport.swift in Sources */ = {isa = PBXBuildFile; fileRef = D7E0B394612240394DE4D8D4 /* FlightListViewRenderTestSupport.swift */; };
		8ED40FA59BE84FCC7A4A23E8 /* WeatherRepositorySpy.swift in Sources */ = {isa = PBXBuildFile; fileRef = C55E5A1B529B6B521616E664 /* WeatherRepositorySpy.swift */; };
		903A3280B94B16EB2C90BCBF /* AppCoordinatorSessionTests.swift in Sources */ = {isa = PBXBuildFile; fileRef = DF85147B8BFB928C8D57200E /* AppCoordinatorSessionTests.swift */; };
		926687B7B266AA7F4180359C /* FlightListViewRenderPaginationTests.swift in Sources */ = {isa = PBXBuildFile; fileRef = AD9EA4F608631BE8000D94C0 /* FlightListViewRenderPaginationTests.swift */; };
		93975C5651D9FDDF8E263DE1 /* LoginUseCasePersistenceTests.swift in Sources */ = {isa = PBXBuildFile; fileRef = 05D7D4A275327E0A39A54FDD /* LoginUseCasePersistenceTests.swift */; };
		9596AFBD3BA1B01EBE96CB9C /* AppViewModelTests.swift in Sources */ = {isa = PBXBuildFile; fileRef = 0F208280EEF2FC63B16AF9F9 /* AppViewModelTests.swift */; };
		9AC75E81D1F071262CCF39BB /* ListFlightsUseCasePagingTests.swift in Sources */ = {isa = PBXBuildFile; fileRef = F18812FF16BAF5E0FB7C5562 /* ListFlightsUseCasePagingTests.swift */; };
		9C0654EDB099C6EA20914C7D /* ToolchainContractTests.swift in Sources */ = {isa = PBXBuildFile; fileRef = 13B9A31EC32458F9D5D22B32 /* ToolchainContractTests.swift */; };
		A12FFFDCF1DEB5546131BC2A /* FlightListSessionControllerTests.swift in Sources */ = {isa = PBXBuildFile; fileRef = AFBBCBA6F28617A7080DF077 /* FlightListSessionControllerTests.swift */; };
		AF1283BFAABE4E5B754CB8FB /* AppComposition in Frameworks */ = {isa = PBXBuildFile; productRef = 47C926FE73034A789B54AA38 /* AppComposition */; };
		B68B293F3EC49C4B844B32BC /* AppReducerTestSupport.swift in Sources */ = {isa = PBXBuildFile; fileRef = 754D438A7E0B3806D3226E6B /* AppReducerTestSupport.swift */; };
		BB6D1B0B6E38E64BFC9502E8 /* SessionBootstrapperTests.swift in Sources */ = {isa = PBXBuildFile; fileRef = 4C0FF61A19977937E0C89148 /* SessionBootstrapperTests.swift */; };
		BB9A8B6E49EBEB872AB5E8A5 /* LogoutUseCaseTestSupport.swift in Sources */ = {isa = PBXBuildFile; fileRef = 444F86FBE5966B05F3A6F6F9 /* LogoutUseCaseTestSupport.swift */; };
		BCA70A2FBBA6F5AD144166EF /* FlightListViewRenderStateTests.swift in Sources */ = {isa = PBXBuildFile; fileRef = 8F25D4E902C05D6DA3367AD8 /* FlightListViewRenderStateTests.swift */; };
		BCEE5AA2779193D5A83C4EA5 /* CatalogWeatherRepositoryTestSupport.swift in Sources */ = {isa = PBXBuildFile; fileRef = 12B348F648E9F0594CCAE49B /* CatalogWeatherRepositoryTestSupport.swift */; };
		C12566BEEB609F53A2FDE990 /* FlightOperationalTimeTests.swift in Sources */ = {isa = PBXBuildFile; fileRef = 1CDAD61602B9ED77C6B5B424 /* FlightOperationalTimeTests.swift */; };
		C65382E34B52BA796A5E03B9 /* AuthViewModelInputTests.swift in Sources */ = {isa = PBXBuildFile; fileRef = 80342B50D155A93CD83B6FBC /* AuthViewModelInputTests.swift */; };
		C684FD639EC70216A70C910D /* AuthGatewaySpy.swift in Sources */ = {isa = PBXBuildFile; fileRef = D87CAF67ACACAC7B2649C5B9 /* AuthGatewaySpy.swift */; };
		CDC0B4C0CB0AD067359E57B2 /* CatalogFlightRepositoryTests.swift in Sources */ = {isa = PBXBuildFile; fileRef = 45DEF6EA7798CE1C3C8F3958 /* CatalogFlightRepositoryTests.swift */; };
		D024D11B7E0708FBEC8084B9 /* FlightListViewModelRefreshTests.swift in Sources */ = {isa = PBXBuildFile; fileRef = 4F2AFF9C966933E81012769E /* FlightListViewModelRefreshTests.swift */; };
		D2EF914C8B65C33AD28B4169 /* RootViewRenderTests.swift in Sources */ = {isa = PBXBuildFile; fileRef = 7EBDAF3268E94B5AEE70CB40 /* RootViewRenderTests.swift */; };
		D6377C8555583F2C96ECBEA4 /* KeychainSessionStoreTests.swift in Sources */ = {isa = PBXBuildFile; fileRef = E615AD55E156469C3A86C5BB /* KeychainSessionStoreTests.swift */; };
		D91BC16B32BE64C288E6840D /* CoverageGateEvaluator.swift in Sources */ = {isa = PBXBuildFile; fileRef = 44979152A0B494332E5FC73D /* CoverageGateEvaluator.swift */; };
		D9917CE4780B81543CE8E7A2 /* ValidateScriptContractTests.swift in Sources */ = {isa = PBXBuildFile; fileRef = 834BE1F92F17847470700A6D /* ValidateScriptContractTests.swift */; };
		DE0AC6658474BF282FB1B875 /* AppViewModelTestSupport.swift in Sources */ = {isa = PBXBuildFile; fileRef = DB15FE9F9246E03565D9DA3E /* AppViewModelTestSupport.swift */; };
		DE47F07F9BBB875F059C55BB /* BoardingPassFeature in Frameworks */ = {isa = PBXBuildFile; productRef = 3F8524181BB91EDD429F9D28 /* BoardingPassFeature */; };
		E498B7624842D2F1F529E08F /* LoginEmailFieldConfigurationTests.swift in Sources */ = {isa = PBXBuildFile; fileRef = 7C2B6C8FC5D3280EA4924C58 /* LoginEmailFieldConfigurationTests.swift */; };
		E675C1D6230D10926C7586E6 /* RemoteAuthGatewayTests.swift in Sources */ = {isa = PBXBuildFile; fileRef = E2627134046B2A5BBC4C2C17 /* RemoteAuthGatewayTests.swift */; };
		E8E424A3F1462056F4EAA340 /* FlightListViewModelSessionTests.swift in Sources */ = {isa = PBXBuildFile; fileRef = E3748362B82603BF777EAF17 /* FlightListViewModelSessionTests.swift */; };
		EAA258EA67E8C5BC97881EC9 /* SessionStoreSpy.swift in Sources */ = {isa = PBXBuildFile; fileRef = 63E6C03018F6C071494A2344 /* SessionStoreSpy.swift */; };
		ED90A6BF9051A76DEFA1C44A /* RootViewRenderTestSupport.swift in Sources */ = {isa = PBXBuildFile; fileRef = A87401081F0BA10E4B00E3A5 /* RootViewRenderTestSupport.swift */; };
		EDEEBACBD55487F58D84B6B3 /* CatalogBoardingPassRepositoryTestSupport.swift in Sources */ = {isa = PBXBuildFile; fileRef = 509838B32F4729B722F1FDC2 /* CatalogBoardingPassRepositoryTestSupport.swift */; };
		EF2C1E47C7A93C37F4521845 /* LoginViewRenderTestSupport.swift in Sources */ = {isa = PBXBuildFile; fileRef = 404A6CCB58714C6B32D7EF94 /* LoginViewRenderTestSupport.swift */; };
		F03BDDE561F7F8BC78274620 /* AppReducerProtectedPathTests.swift in Sources */ = {isa = PBXBuildFile; fileRef = 3A9DEB1D99C448D5400F866D /* AppReducerProtectedPathTests.swift */; };
		F0D5FB84EB52DD2013147DB4 /* FlightListViewModelPaginationTests.swift in Sources */ = {isa = PBXBuildFile; fileRef = 45987BD6930287F1FD7712C1 /* FlightListViewModelPaginationTests.swift */; };
		F4E37A9E3A279BA872932584 /* SessionBootstrapperTestSupport.swift in Sources */ = {isa = PBXBuildFile; fileRef = 47768F7901314D54C39C48CD /* SessionBootstrapperTestSupport.swift */; };
		F56E84D942B501A0064D5F5C /* GetBoardingPassUseCaseTestSupport.swift in Sources */ = {isa = PBXBuildFile; fileRef = 33FB8052C329139336B4F841 /* GetBoardingPassUseCaseTestSupport.swift */; };
		F590B3914E034469C132E4A9 /* GetFlightDetailUseCaseTests.swift in Sources */ = {isa = PBXBuildFile; fileRef = 752C3A1FCFEF4435E0DBE182 /* GetFlightDetailUseCaseTests.swift */; };
		F5E0FCC0D0321EDFB832826E /* FlightRepositorySpy.swift in Sources */ = {isa = PBXBuildFile; fileRef = B1BC8B9D2393532F921FAE90 /* FlightRepositorySpy.swift */; };
		F7847FBDD0673FC9AC0AF15A /* LoginUseCaseExecutionTests.swift in Sources */ = {isa = PBXBuildFile; fileRef = 22CDA47A534E81604971127C /* LoginUseCaseExecutionTests.swift */; };
		FBF7D5B7AD9BB315D9FC75BC /* CatalogFlightRepositoryTestSupport.swift in Sources */ = {isa = PBXBuildFile; fileRef = 05FB48F3334053E30AAC38F7 /* CatalogFlightRepositoryTestSupport.swift */; };
		FE37616577FF6B0FC5A5A3C6 /* FlightListSessionControllerTestSupport.swift in Sources */ = {isa = PBXBuildFile; fileRef = B499077C229D0247BC9C3F8E /* FlightListSessionControllerTestSupport.swift */; };
/* End PBXBuildFile section */

/* Begin PBXFileReference section */
		0119D1057EE6A269775480C9 /* FlightDetailViewModelTests.swift */ = {isa = PBXFileReference; lastKnownFileType = sourcecode.swift; path = FlightDetailViewModelTests.swift; sourceTree = "<group>"; };
		05D7D4A275327E0A39A54FDD /* LoginUseCasePersistenceTests.swift */ = {isa = PBXFileReference; lastKnownFileType = sourcecode.swift; path = LoginUseCasePersistenceTests.swift; sourceTree = "<group>"; };
		05FB48F3334053E30AAC38F7 /* CatalogFlightRepositoryTestSupport.swift */ = {isa = PBXFileReference; lastKnownFileType = sourcecode.swift; path = CatalogFlightRepositoryTestSupport.swift; sourceTree = "<group>"; };
		06F74FF7ECD52B42D7BA6B9C /* LoginUseCaseTestSupport.swift */ = {isa = PBXFileReference; lastKnownFileType = sourcecode.swift; path = LoginUseCaseTestSupport.swift; sourceTree = "<group>"; };
		0ED93F8320CCF6CE66CD3666 /* NavigationEventBusTests.swift */ = {isa = PBXFileReference; lastKnownFileType = sourcecode.swift; path = NavigationEventBusTests.swift; sourceTree = "<group>"; };
		0F208280EEF2FC63B16AF9F9 /* AppViewModelTests.swift */ = {isa = PBXFileReference; lastKnownFileType = sourcecode.swift; path = AppViewModelTests.swift; sourceTree = "<group>"; };
		1296AF3C0CC64D9905E5ED17 /* AppCoordinatorTestSupport.swift */ = {isa = PBXFileReference; lastKnownFileType = sourcecode.swift; path = AppCoordinatorTestSupport.swift; sourceTree = "<group>"; };
		12B348F648E9F0594CCAE49B /* CatalogWeatherRepositoryTestSupport.swift */ = {isa = PBXFileReference; lastKnownFileType = sourcecode.swift; path = CatalogWeatherRepositoryTestSupport.swift; sourceTree = "<group>"; };
		12C0472A65B449DB711C3A5B /* AppCoordinatorProtectedNavigationTests.swift */ = {isa = PBXFileReference; lastKnownFileType = sourcecode.swift; path = AppCoordinatorProtectedNavigationTests.swift; sourceTree = "<group>"; };
		13B9A31EC32458F9D5D22B32 /* ToolchainContractTests.swift */ = {isa = PBXFileReference; lastKnownFileType = sourcecode.swift; path = ToolchainContractTests.swift; sourceTree = "<group>"; };
		141A0982A553FAA4515B26AC /* ShowcaseAuthRuntimeConfigurationTestSupport.swift */ = {isa = PBXFileReference; lastKnownFileType = sourcecode.swift; path = ShowcaseAuthRuntimeConfigurationTestSupport.swift; sourceTree = "<group>"; };
		1B1C6470FDCD50D5A663EF49 /* CompositionRootSmokeTestSupport.swift */ = {isa = PBXFileReference; lastKnownFileType = sourcecode.swift; path = CompositionRootSmokeTestSupport.swift; sourceTree = "<group>"; };
		1CA8A7B666FDC8A1E2EA1172 /* iOSArchitectureShowcaseTests.xctest */ = {isa = PBXFileReference; includeInIndex = 0; lastKnownFileType = wrapper.cfbundle; path = iOSArchitectureShowcaseTests.xctest; sourceTree = BUILT_PRODUCTS_DIR; };
		1CDAD61602B9ED77C6B5B424 /* FlightOperationalTimeTests.swift */ = {isa = PBXFileReference; lastKnownFileType = sourcecode.swift; path = FlightOperationalTimeTests.swift; sourceTree = "<group>"; };
		1EC814A0AE776CB1DA9023BD /* BoardingPassViewRenderTestSupport.swift */ = {isa = PBXFileReference; lastKnownFileType = sourcecode.swift; path = BoardingPassViewRenderTestSupport.swift; sourceTree = "<group>"; };
		21687B3BBBA5868D9297EEAE /* FlightDetailViewRenderTestSupport.swift */ = {isa = PBXFileReference; lastKnownFileType = sourcecode.swift; path = FlightDetailViewRenderTestSupport.swift; sourceTree = "<group>"; };
		219BE63A59B8E42E1A3EA696 /* BoardingPassRepositorySpy.swift */ = {isa = PBXFileReference; lastKnownFileType = sourcecode.swift; path = BoardingPassRepositorySpy.swift; sourceTree = "<group>"; };
		22CDA47A534E81604971127C /* LoginUseCaseExecutionTests.swift */ = {isa = PBXFileReference; lastKnownFileType = sourcecode.swift; path = LoginUseCaseExecutionTests.swift; sourceTree = "<group>"; };
		23CE519DB6D67A111B2750F7 /* LoginViewRenderTests.swift */ = {isa = PBXFileReference; lastKnownFileType = sourcecode.swift; path = LoginViewRenderTests.swift; sourceTree = "<group>"; };
		2B4D94CA7C6B830AEAEE1438 /* ListFlightsUseCaseTestSupport.swift */ = {isa = PBXFileReference; lastKnownFileType = sourcecode.swift; path = ListFlightsUseCaseTestSupport.swift; sourceTree = "<group>"; };
		3078B92AEE53BB559CAF9D91 /* AuthViewModelLoginTests.swift */ = {isa = PBXFileReference; lastKnownFileType = sourcecode.swift; path = AuthViewModelLoginTests.swift; sourceTree = "<group>"; };
		33FB8052C329139336B4F841 /* GetBoardingPassUseCaseTestSupport.swift */ = {isa = PBXFileReference; lastKnownFileType = sourcecode.swift; path = GetBoardingPassUseCaseTestSupport.swift; sourceTree = "<group>"; };
		3A687F58465F96B0FA3C2235 /* MemoryLeakTracker.swift */ = {isa = PBXFileReference; lastKnownFileType = sourcecode.swift; path = MemoryLeakTracker.swift; sourceTree = "<group>"; };
		3A9DEB1D99C448D5400F866D /* AppReducerProtectedPathTests.swift */ = {isa = PBXFileReference; lastKnownFileType = sourcecode.swift; path = AppReducerProtectedPathTests.swift; sourceTree = "<group>"; };
		404A6CCB58714C6B32D7EF94 /* LoginViewRenderTestSupport.swift */ = {isa = PBXFileReference; lastKnownFileType = sourcecode.swift; path = LoginViewRenderTestSupport.swift; sourceTree = "<group>"; };
		426493D6CF25AEFB395301CC /* AuthTestFixtures.swift */ = {isa = PBXFileReference; lastKnownFileType = sourcecode.swift; path = AuthTestFixtures.swift; sourceTree = "<group>"; };
		444F86FBE5966B05F3A6F6F9 /* LogoutUseCaseTestSupport.swift */ = {isa = PBXFileReference; lastKnownFileType = sourcecode.swift; path = LogoutUseCaseTestSupport.swift; sourceTree = "<group>"; };
		44979152A0B494332E5FC73D /* CoverageGateEvaluator.swift */ = {isa = PBXFileReference; lastKnownFileType = sourcecode.swift; path = CoverageGateEvaluator.swift; sourceTree = "<group>"; };
		44EC4530481F070B13F00F08 /* FlightListViewModelLoadingTests.swift */ = {isa = PBXFileReference; lastKnownFileType = sourcecode.swift; path = FlightListViewModelLoadingTests.swift; sourceTree = "<group>"; };
		45987BD6930287F1FD7712C1 /* FlightListViewModelPaginationTests.swift */ = {isa = PBXFileReference; lastKnownFileType = sourcecode.swift; path = FlightListViewModelPaginationTests.swift; sourceTree = "<group>"; };
		45DEF6EA7798CE1C3C8F3958 /* CatalogFlightRepositoryTests.swift */ = {isa = PBXFileReference; lastKnownFileType = sourcecode.swift; path = CatalogFlightRepositoryTests.swift; sourceTree = "<group>"; };
		46B3C283BBE020692A51207F /* CompositionRootSmokeTests.swift */ = {isa = PBXFileReference; lastKnownFileType = sourcecode.swift; path = CompositionRootSmokeTests.swift; sourceTree = "<group>"; };
		46D4C46AC3A267014129EEDC /* CatalogBoardingPassRepositoryTests.swift */ = {isa = PBXFileReference; lastKnownFileType = sourcecode.swift; path = CatalogBoardingPassRepositoryTests.swift; sourceTree = "<group>"; };
		47768F7901314D54C39C48CD /* SessionBootstrapperTestSupport.swift */ = {isa = PBXFileReference; lastKnownFileType = sourcecode.swift; path = SessionBootstrapperTestSupport.swift; sourceTree = "<group>"; };
		4C0FF61A19977937E0C89148 /* SessionBootstrapperTests.swift */ = {isa = PBXFileReference; lastKnownFileType = sourcecode.swift; path = SessionBootstrapperTests.swift; sourceTree = "<group>"; };
		4F2AFF9C966933E81012769E /* FlightListViewModelRefreshTests.swift */ = {isa = PBXFileReference; lastKnownFileType = sourcecode.swift; path = FlightListViewModelRefreshTests.swift; sourceTree = "<group>"; };
		4FB4D4894587CCC510942F70 /* iOSArchitectureShowcaseApp.swift */ = {isa = PBXFileReference; lastKnownFileType = sourcecode.swift; path = iOSArchitectureShowcaseApp.swift; sourceTree = "<group>"; };
		505E37574458216D6CAD94E4 /* FlightDetailViewRenderTests.swift */ = {isa = PBXFileReference; lastKnownFileType = sourcecode.swift; path = FlightDetailViewRenderTests.swift; sourceTree = "<group>"; };
		509838B32F4729B722F1FDC2 /* CatalogBoardingPassRepositoryTestSupport.swift */ = {isa = PBXFileReference; lastKnownFileType = sourcecode.swift; path = CatalogBoardingPassRepositoryTestSupport.swift; sourceTree = "<group>"; };
		5262D72F6E321007BE60C664 /* CatalogWeatherRepositoryTests.swift */ = {isa = PBXFileReference; lastKnownFileType = sourcecode.swift; path = CatalogWeatherRepositoryTests.swift; sourceTree = "<group>"; };
		53E4847952591AF5D27DB3AC /* AppStringsTests.swift */ = {isa = PBXFileReference; lastKnownFileType = sourcecode.swift; path = AppStringsTests.swift; sourceTree = "<group>"; };
		57BE8D0F5F552B44D4F3C019 /* GetFlightDetailUseCaseTestSupport.swift */ = {isa = PBXFileReference; lastKnownFileType = sourcecode.swift; path = GetFlightDetailUseCaseTestSupport.swift; sourceTree = "<group>"; };
		58541C5B512BB88E562CEB9C /* above-threshold.json */ = {isa = PBXFileReference; lastKnownFileType = text.json; path = "above-threshold.json"; sourceTree = "<group>"; };
		5BA4D805D78EFAF32A672EEE /* ProtectedNavigationPolicyTests.swift */ = {isa = PBXFileReference; lastKnownFileType = sourcecode.swift; path = ProtectedNavigationPolicyTests.swift; sourceTree = "<group>"; };
		60813BB4D0EDE19F99B6FF4A /* BoardingPassViewModelTestSupport.swift */ = {isa = PBXFileReference; lastKnownFileType = sourcecode.swift; path = BoardingPassViewModelTestSupport.swift; sourceTree = "<group>"; };
		63E6C03018F6C071494A2344 /* SessionStoreSpy.swift */ = {isa = PBXFileReference; lastKnownFileType = sourcecode.swift; path = SessionStoreSpy.swift; sourceTree = "<group>"; };
		746C63198F1C3F10B5E8F71E /* ios-architecture-showcase */ = {isa = PBXFileReference; lastKnownFileType = folder; name = "ios-architecture-showcase"; path = .; sourceTree = SOURCE_ROOT; };
		752C3A1FCFEF4435E0DBE182 /* GetFlightDetailUseCaseTests.swift */ = {isa = PBXFileReference; lastKnownFileType = sourcecode.swift; path = GetFlightDetailUseCaseTests.swift; sourceTree = "<group>"; };
		754D438A7E0B3806D3226E6B /* AppReducerTestSupport.swift */ = {isa = PBXFileReference; lastKnownFileType = sourcecode.swift; path = AppReducerTestSupport.swift; sourceTree = "<group>"; };
		78B4E7E0338376E4EEEF4895 /* FlightStatusPresentationTests.swift */ = {isa = PBXFileReference; lastKnownFileType = sourcecode.swift; path = FlightStatusPresentationTests.swift; sourceTree = "<group>"; };
		7C0BA00BA467CFFC522AEB7C /* KeychainSessionStoreTestSupport.swift */ = {isa = PBXFileReference; lastKnownFileType = sourcecode.swift; path = KeychainSessionStoreTestSupport.swift; sourceTree = "<group>"; };
		7C2B6C8FC5D3280EA4924C58 /* LoginEmailFieldConfigurationTests.swift */ = {isa = PBXFileReference; lastKnownFileType = sourcecode.swift; path = LoginEmailFieldConfigurationTests.swift; sourceTree = "<group>"; };
		7EBDAF3268E94B5AEE70CB40 /* RootViewRenderTests.swift */ = {isa = PBXFileReference; lastKnownFileType = sourcecode.swift; path = RootViewRenderTests.swift; sourceTree = "<group>"; };
		7FAC9BD23C1F981B930D61B7 /* LogoutUseCaseTests.swift */ = {isa = PBXFileReference; lastKnownFileType = sourcecode.swift; path = LogoutUseCaseTests.swift; sourceTree = "<group>"; };
		80342B50D155A93CD83B6FBC /* AuthViewModelInputTests.swift */ = {isa = PBXFileReference; lastKnownFileType = sourcecode.swift; path = AuthViewModelInputTests.swift; sourceTree = "<group>"; };
		819AAD47AD6661D39D4F521D /* ProtectedPathCommandChannelTests.swift */ = {isa = PBXFileReference; lastKnownFileType = sourcecode.swift; path = ProtectedPathCommandChannelTests.swift; sourceTree = "<group>"; };
		830322D37DD3025FD231BE18 /* ListFlightsUseCaseRefreshTests.swift */ = {isa = PBXFileReference; lastKnownFileType = sourcecode.swift; path = ListFlightsUseCaseRefreshTests.swift; sourceTree = "<group>"; };
		834BE1F92F17847470700A6D /* ValidateScriptContractTests.swift */ = {isa = PBXFileReference; lastKnownFileType = sourcecode.swift; path = ValidateScriptContractTests.swift; sourceTree = "<group>"; };
		8F25D4E902C05D6DA3367AD8 /* FlightListViewRenderStateTests.swift */ = {isa = PBXFileReference; lastKnownFileType = sourcecode.swift; path = FlightListViewRenderStateTests.swift; sourceTree = "<group>"; };
		95957995D0B9CA0A0F4F4683 /* FlightDetailViewModelTestSupport.swift */ = {isa = PBXFileReference; lastKnownFileType = sourcecode.swift; path = FlightDetailViewModelTestSupport.swift; sourceTree = "<group>"; };
		A87401081F0BA10E4B00E3A5 /* RootViewRenderTestSupport.swift */ = {isa = PBXFileReference; lastKnownFileType = sourcecode.swift; path = RootViewRenderTestSupport.swift; sourceTree = "<group>"; };
		AA45E64E73F8C7FB2B44DE2F /* ProtectedPathCommandChannelTestSupport.swift */ = {isa = PBXFileReference; lastKnownFileType = sourcecode.swift; path = ProtectedPathCommandChannelTestSupport.swift; sourceTree = "<group>"; };
		AD9EA4F608631BE8000D94C0 /* FlightListViewRenderPaginationTests.swift */ = {isa = PBXFileReference; lastKnownFileType = sourcecode.swift; path = FlightListViewRenderPaginationTests.swift; sourceTree = "<group>"; };
		AED5CBF55FBB55F69EB39BE9 /* CoverageGateScriptTests.swift */ = {isa = PBXFileReference; lastKnownFileType = sourcecode.swift; path = CoverageGateScriptTests.swift; sourceTree = "<group>"; };
		AFBBCBA6F28617A7080DF077 /* FlightListSessionControllerTests.swift */ = {isa = PBXFileReference; lastKnownFileType = sourcecode.swift; path = FlightListSessionControllerTests.swift; sourceTree = "<group>"; };
		B1BC8B9D2393532F921FAE90 /* FlightRepositorySpy.swift */ = {isa = PBXFileReference; lastKnownFileType = sourcecode.swift; path = FlightRepositorySpy.swift; sourceTree = "<group>"; };
		B499077C229D0247BC9C3F8E /* FlightListSessionControllerTestSupport.swift */ = {isa = PBXFileReference; lastKnownFileType = sourcecode.swift; path = FlightListSessionControllerTestSupport.swift; sourceTree = "<group>"; };
		B52F48032A14DA482B9B0963 /* AuthViewModelTestSupport.swift */ = {isa = PBXFileReference; lastKnownFileType = sourcecode.swift; path = AuthViewModelTestSupport.swift; sourceTree = "<group>"; };
		B6FE4224C4AB93E05C9A5387 /* BoardingPassViewModelTests.swift */ = {isa = PBXFileReference; lastKnownFileType = sourcecode.swift; path = BoardingPassViewModelTests.swift; sourceTree = "<group>"; };
		B8764C9344DA452235FCA9DD /* FlightFixtures.swift */ = {isa = PBXFileReference; lastKnownFileType = sourcecode.swift; path = FlightFixtures.swift; sourceTree = "<group>"; };
		BB7C4AA47B7B8847F2B1F3DB /* NavigationEventBusTestSupport.swift */ = {isa = PBXFileReference; lastKnownFileType = sourcecode.swift; path = NavigationEventBusTestSupport.swift; sourceTree = "<group>"; };
		BC81A108D4ECCE1827DE6A02 /* iOSArchitectureShowcase.app */ = {isa = PBXFileReference; includeInIndex = 0; lastKnownFileType = wrapper.application; path = iOSArchitectureShowcase.app; sourceTree = BUILT_PRODUCTS_DIR; };
		BF279466DE6967A43D0B691B /* ViewRenderSmoke.swift */ = {isa = PBXFileReference; lastKnownFileType = sourcecode.swift; path = ViewRenderSmoke.swift; sourceTree = "<group>"; };
		C373FF7FB2B38D57EF52AF0A /* FlightListViewModelTestSupport.swift */ = {isa = PBXFileReference; lastKnownFileType = sourcecode.swift; path = FlightListViewModelTestSupport.swift; sourceTree = "<group>"; };
		C55E5A1B529B6B521616E664 /* WeatherRepositorySpy.swift */ = {isa = PBXFileReference; lastKnownFileType = sourcecode.swift; path = WeatherRepositorySpy.swift; sourceTree = "<group>"; };
		CE58BD5098AF932A4B19E183 /* filters-generated-and-tests.json */ = {isa = PBXFileReference; lastKnownFileType = text.json; path = "filters-generated-and-tests.json"; sourceTree = "<group>"; };
		CEF88DDBA09240FA31CF9B8D /* NavigationEventBusSpy.swift */ = {isa = PBXFileReference; lastKnownFileType = sourcecode.swift; path = NavigationEventBusSpy.swift; sourceTree = "<group>"; };
		CFBBCFB02708176FA811F1CD /* ProtectedNavigationPolicyTestSupport.swift */ = {isa = PBXFileReference; lastKnownFileType = sourcecode.swift; path = ProtectedNavigationPolicyTestSupport.swift; sourceTree = "<group>"; };
		D3C00CEAD8F9FDAC26649C0B /* below-threshold.json */ = {isa = PBXFileReference; lastKnownFileType = text.json; path = "below-threshold.json"; sourceTree = "<group>"; };
		D672487BDBC884345718DE33 /* BoardingPassViewRenderTests.swift */ = {isa = PBXFileReference; lastKnownFileType = sourcecode.swift; path = BoardingPassViewRenderTests.swift; sourceTree = "<group>"; };
		D7E0B394612240394DE4D8D4 /* FlightListViewRenderTestSupport.swift */ = {isa = PBXFileReference; lastKnownFileType = sourcecode.swift; path = FlightListViewRenderTestSupport.swift; sourceTree = "<group>"; };
		D87CAF67ACACAC7B2649C5B9 /* AuthGatewaySpy.swift */ = {isa = PBXFileReference; lastKnownFileType = sourcecode.swift; path = AuthGatewaySpy.swift; sourceTree = "<group>"; };
		D92CD87CBDADFF86F315085D /* BoardingPassOperationalTimeTests.swift */ = {isa = PBXFileReference; lastKnownFileType = sourcecode.swift; path = BoardingPassOperationalTimeTests.swift; sourceTree = "<group>"; };
		D93A7331B4174C2DA223A592 /* ShowcaseAuthRuntimeConfigurationTests.swift */ = {isa = PBXFileReference; lastKnownFileType = sourcecode.swift; path = ShowcaseAuthRuntimeConfigurationTests.swift; sourceTree = "<group>"; };
		DB15FE9F9246E03565D9DA3E /* AppViewModelTestSupport.swift */ = {isa = PBXFileReference; lastKnownFileType = sourcecode.swift; path = AppViewModelTestSupport.swift; sourceTree = "<group>"; };
		DF85147B8BFB928C8D57200E /* AppCoordinatorSessionTests.swift */ = {isa = PBXFileReference; lastKnownFileType = sourcecode.swift; path = AppCoordinatorSessionTests.swift; sourceTree = "<group>"; };
		E2627134046B2A5BBC4C2C17 /* RemoteAuthGatewayTests.swift */ = {isa = PBXFileReference; lastKnownFileType = sourcecode.swift; path = RemoteAuthGatewayTests.swift; sourceTree = "<group>"; };
		E3748362B82603BF777EAF17 /* FlightListViewModelSessionTests.swift */ = {isa = PBXFileReference; lastKnownFileType = sourcecode.swift; path = FlightListViewModelSessionTests.swift; sourceTree = "<group>"; };
		E615AD55E156469C3A86C5BB /* KeychainSessionStoreTests.swift */ = {isa = PBXFileReference; lastKnownFileType = sourcecode.swift; path = KeychainSessionStoreTests.swift; sourceTree = "<group>"; };
		F18812FF16BAF5E0FB7C5562 /* ListFlightsUseCasePagingTests.swift */ = {isa = PBXFileReference; lastKnownFileType = sourcecode.swift; path = ListFlightsUseCasePagingTests.swift; sourceTree = "<group>"; };
		F40513C67D0712ECA68B9472 /* AppReducerSessionTests.swift */ = {isa = PBXFileReference; lastKnownFileType = sourcecode.swift; path = AppReducerSessionTests.swift; sourceTree = "<group>"; };
		F46BF773AB67D11E39C08FD7 /* GetBoardingPassUseCaseTests.swift */ = {isa = PBXFileReference; lastKnownFileType = sourcecode.swift; path = GetBoardingPassUseCaseTests.swift; sourceTree = "<group>"; };
		FB2817DFE657C81B36E0B143 /* RemoteAuthGatewayTestSupport.swift */ = {isa = PBXFileReference; lastKnownFileType = sourcecode.swift; path = RemoteAuthGatewayTestSupport.swift; sourceTree = "<group>"; };
/* End PBXFileReference section */

/* Begin PBXFrameworksBuildPhase section */
		437A382B4054FA32CA92CC54 /* Frameworks */ = {
			isa = PBXFrameworksBuildPhase;
			buildActionMask = 2147483647;
			files = (
				AF1283BFAABE4E5B754CB8FB /* AppComposition in Frameworks */,
			);
			runOnlyForDeploymentPostprocessing = 0;
		};
		5E648147641990FB97329E30 /* Frameworks */ = {
			isa = PBXFrameworksBuildPhase;
			buildActionMask = 2147483647;
			files = (
				4D35A11C4AB93827E553EC61 /* SharedKernel in Frameworks */,
				0E17FBB7268643E6241ECE09 /* SharedNavigation in Frameworks */,
				7248B24B87FCE04953F62D3C /* AuthFeature in Frameworks */,
				107036A98C7A231EDDFC8C70 /* FlightsFeature in Frameworks */,
				DE47F07F9BBB875F059C55BB /* BoardingPassFeature in Frameworks */,
				57209250F7C806A73E0B4C12 /* AppComposition in Frameworks */,
			);
			runOnlyForDeploymentPostprocessing = 0;
		};
/* End PBXFrameworksBuildPhase section */

/* Begin PBXGroup section */
		00ED0BF8922FDB7607D548E2 /* Products */ = {
			isa = PBXGroup;
			children = (
				BC81A108D4ECCE1827DE6A02 /* iOSArchitectureShowcase.app */,
				1CA8A7B666FDC8A1E2EA1172 /* iOSArchitectureShowcaseTests.xctest */,
			);
			name = Products;
			sourceTree = "<group>";
		};
		03D435C669DB9CB69D5297FC /* AppCompositionTests */ = {
			isa = PBXGroup;
			children = (
				0F208280EEF2FC63B16AF9F9 /* AppViewModelTests.swift */,
				DB15FE9F9246E03565D9DA3E /* AppViewModelTestSupport.swift */,
				46B3C283BBE020692A51207F /* CompositionRootSmokeTests.swift */,
				1B1C6470FDCD50D5A663EF49 /* CompositionRootSmokeTestSupport.swift */,
				819AAD47AD6661D39D4F521D /* ProtectedPathCommandChannelTests.swift */,
				AA45E64E73F8C7FB2B44DE2F /* ProtectedPathCommandChannelTestSupport.swift */,
				7EBDAF3268E94B5AEE70CB40 /* RootViewRenderTests.swift */,
				A87401081F0BA10E4B00E3A5 /* RootViewRenderTestSupport.swift */,
				4C0FF61A19977937E0C89148 /* SessionBootstrapperTests.swift */,
				47768F7901314D54C39C48CD /* SessionBootstrapperTestSupport.swift */,
				D93A7331B4174C2DA223A592 /* ShowcaseAuthRuntimeConfigurationTests.swift */,
				141A0982A553FAA4515B26AC /* ShowcaseAuthRuntimeConfigurationTestSupport.swift */,
			);
			path = AppCompositionTests;
			sourceTree = "<group>";
		};
		09E6A9C99894C8658E7F489F /* NavigationTests */ = {
			isa = PBXGroup;
			children = (
				12C0472A65B449DB711C3A5B /* AppCoordinatorProtectedNavigationTests.swift */,
				DF85147B8BFB928C8D57200E /* AppCoordinatorSessionTests.swift */,
				1296AF3C0CC64D9905E5ED17 /* AppCoordinatorTestSupport.swift */,
				3A9DEB1D99C448D5400F866D /* AppReducerProtectedPathTests.swift */,
				F40513C67D0712ECA68B9472 /* AppReducerSessionTests.swift */,
				754D438A7E0B3806D3226E6B /* AppReducerTestSupport.swift */,
				0ED93F8320CCF6CE66CD3666 /* NavigationEventBusTests.swift */,
				BB7C4AA47B7B8847F2B1F3DB /* NavigationEventBusTestSupport.swift */,
				5BA4D805D78EFAF32A672EEE /* ProtectedNavigationPolicyTests.swift */,
				CFBBCFB02708176FA811F1CD /* ProtectedNavigationPolicyTestSupport.swift */,
			);
			path = NavigationTests;
			sourceTree = "<group>";
		};
		12D087145BDE4A91A42BD10F /* Shared */ = {
			isa = PBXGroup;
			children = (
				17EFBC9AA4092432A724B066 /* KernelTests */,
				09E6A9C99894C8658E7F489F /* NavigationTests */,
			);
			path = Shared;
			sourceTree = "<group>";
		};
		141A82ED9DDCB43061F02E87 /* FlightsTests */ = {
			isa = PBXGroup;
			children = (
				FA007822BA13643F93610893 /* TestDoubles */,
				45DEF6EA7798CE1C3C8F3958 /* CatalogFlightRepositoryTests.swift */,
				05FB48F3334053E30AAC38F7 /* CatalogFlightRepositoryTestSupport.swift */,
				5262D72F6E321007BE60C664 /* CatalogWeatherRepositoryTests.swift */,
				12B348F648E9F0594CCAE49B /* CatalogWeatherRepositoryTestSupport.swift */,
				0119D1057EE6A269775480C9 /* FlightDetailViewModelTests.swift */,
				95957995D0B9CA0A0F4F4683 /* FlightDetailViewModelTestSupport.swift */,
				505E37574458216D6CAD94E4 /* FlightDetailViewRenderTests.swift */,
				21687B3BBBA5868D9297EEAE /* FlightDetailViewRenderTestSupport.swift */,
				AFBBCBA6F28617A7080DF077 /* FlightListSessionControllerTests.swift */,
				B499077C229D0247BC9C3F8E /* FlightListSessionControllerTestSupport.swift */,
				44EC4530481F070B13F00F08 /* FlightListViewModelLoadingTests.swift */,
				45987BD6930287F1FD7712C1 /* FlightListViewModelPaginationTests.swift */,
				4F2AFF9C966933E81012769E /* FlightListViewModelRefreshTests.swift */,
				E3748362B82603BF777EAF17 /* FlightListViewModelSessionTests.swift */,
				C373FF7FB2B38D57EF52AF0A /* FlightListViewModelTestSupport.swift */,
				AD9EA4F608631BE8000D94C0 /* FlightListViewRenderPaginationTests.swift */,
				8F25D4E902C05D6DA3367AD8 /* FlightListViewRenderStateTests.swift */,
				D7E0B394612240394DE4D8D4 /* FlightListViewRenderTestSupport.swift */,
				1CDAD61602B9ED77C6B5B424 /* FlightOperationalTimeTests.swift */,
				78B4E7E0338376E4EEEF4895 /* FlightStatusPresentationTests.swift */,
				752C3A1FCFEF4435E0DBE182 /* GetFlightDetailUseCaseTests.swift */,
				57BE8D0F5F552B44D4F3C019 /* GetFlightDetailUseCaseTestSupport.swift */,
				F18812FF16BAF5E0FB7C5562 /* ListFlightsUseCasePagingTests.swift */,
				830322D37DD3025FD231BE18 /* ListFlightsUseCaseRefreshTests.swift */,
				2B4D94CA7C6B830AEAEE1438 /* ListFlightsUseCaseTestSupport.swift */,
			);
			path = FlightsTests;
			sourceTree = "<group>";
		};
		17EFBC9AA4092432A724B066 /* KernelTests */ = {
			isa = PBXGroup;
			children = (
				53E4847952591AF5D27DB3AC /* AppStringsTests.swift */,
			);
			path = KernelTests;
			sourceTree = "<group>";
		};
		1B45B1B5E4729EA498215B47 /* ToolingTests */ = {
			isa = PBXGroup;
			children = (
				44979152A0B494332E5FC73D /* CoverageGateEvaluator.swift */,
				AED5CBF55FBB55F69EB39BE9 /* CoverageGateScriptTests.swift */,
				13B9A31EC32458F9D5D22B32 /* ToolchainContractTests.swift */,
				834BE1F92F17847470700A6D /* ValidateScriptContractTests.swift */,
			);
			path = ToolingTests;
			sourceTree = "<group>";
		};
		21B982472D3B45D74541D60C /* Tests */ = {
			isa = PBXGroup;
			children = (
				03D435C669DB9CB69D5297FC /* AppCompositionTests */,
				810D0A4E6CD2BBF3685317F5 /* Features */,
				F8E7D8A956D5D983A371D9E6 /* Fixtures */,
				12D087145BDE4A91A42BD10F /* Shared */,
				EF01EEE4017ECE5656867DBF /* TestHelpers */,
				1B45B1B5E4729EA498215B47 /* ToolingTests */,
			);
			path = Tests;
			sourceTree = "<group>";
		};
		2AB66342B56A78AD7AC7ACBD /* Coverage */ = {
			isa = PBXGroup;
			children = (
				58541C5B512BB88E562CEB9C /* above-threshold.json */,
				D3C00CEAD8F9FDAC26649C0B /* below-threshold.json */,
				CE58BD5098AF932A4B19E183 /* filters-generated-and-tests.json */,
			);
			path = Coverage;
			sourceTree = "<group>";
		};
		2BB2B926634AAA46722AF0B3 = {
			isa = PBXGroup;
			children = (
				E84472FE02A19A7853054DD9 /* Packages */,
				4615A7924A0FB2FB0187EDF9 /* Sources */,
				21B982472D3B45D74541D60C /* Tests */,
				00ED0BF8922FDB7607D548E2 /* Products */,
			);
			sourceTree = "<group>";
		};
		4615A7924A0FB2FB0187EDF9 /* Sources */ = {
			isa = PBXGroup;
			children = (
				62CB75780C04FB7BB4E050CA /* App */,
			);
			path = Sources;
			sourceTree = "<group>";
		};
		62CB75780C04FB7BB4E050CA /* App */ = {
			isa = PBXGroup;
			children = (
				4FB4D4894587CCC510942F70 /* iOSArchitectureShowcaseApp.swift */,
			);
			path = App;
			sourceTree = "<group>";
		};
		80047044B864DA8F7958E93D /* AuthTests */ = {
			isa = PBXGroup;
			children = (
				8CBFE79B36A48A5A94365796 /* TestDoubles */,
				426493D6CF25AEFB395301CC /* AuthTestFixtures.swift */,
				80342B50D155A93CD83B6FBC /* AuthViewModelInputTests.swift */,
				3078B92AEE53BB559CAF9D91 /* AuthViewModelLoginTests.swift */,
				B52F48032A14DA482B9B0963 /* AuthViewModelTestSupport.swift */,
				E615AD55E156469C3A86C5BB /* KeychainSessionStoreTests.swift */,
				7C0BA00BA467CFFC522AEB7C /* KeychainSessionStoreTestSupport.swift */,
				7C2B6C8FC5D3280EA4924C58 /* LoginEmailFieldConfigurationTests.swift */,
				22CDA47A534E81604971127C /* LoginUseCaseExecutionTests.swift */,
				05D7D4A275327E0A39A54FDD /* LoginUseCasePersistenceTests.swift */,
				06F74FF7ECD52B42D7BA6B9C /* LoginUseCaseTestSupport.swift */,
				23CE519DB6D67A111B2750F7 /* LoginViewRenderTests.swift */,
				404A6CCB58714C6B32D7EF94 /* LoginViewRenderTestSupport.swift */,
				7FAC9BD23C1F981B930D61B7 /* LogoutUseCaseTests.swift */,
				444F86FBE5966B05F3A6F6F9 /* LogoutUseCaseTestSupport.swift */,
				E2627134046B2A5BBC4C2C17 /* RemoteAuthGatewayTests.swift */,
				FB2817DFE657C81B36E0B143 /* RemoteAuthGatewayTestSupport.swift */,
			);
			path = AuthTests;
			sourceTree = "<group>";
		};
		810D0A4E6CD2BBF3685317F5 /* Features */ = {
			isa = PBXGroup;
			children = (
				80047044B864DA8F7958E93D /* AuthTests */,
				9801B107168D43DF1AAEDE4F /* BoardingPassTests */,
				141A82ED9DDCB43061F02E87 /* FlightsTests */,
			);
			path = Features;
			sourceTree = "<group>";
		};
		8CBFE79B36A48A5A94365796 /* TestDoubles */ = {
			isa = PBXGroup;
			children = (
				D87CAF67ACACAC7B2649C5B9 /* AuthGatewaySpy.swift */,
				CEF88DDBA09240FA31CF9B8D /* NavigationEventBusSpy.swift */,
				63E6C03018F6C071494A2344 /* SessionStoreSpy.swift */,
			);
			path = TestDoubles;
			sourceTree = "<group>";
		};
		9801B107168D43DF1AAEDE4F /* BoardingPassTests */ = {
			isa = PBXGroup;
			children = (
				E7DA14C11121A107CB953E63 /* TestDoubles */,
				D92CD87CBDADFF86F315085D /* BoardingPassOperationalTimeTests.swift */,
				B6FE4224C4AB93E05C9A5387 /* BoardingPassViewModelTests.swift */,
				60813BB4D0EDE19F99B6FF4A /* BoardingPassViewModelTestSupport.swift */,
				D672487BDBC884345718DE33 /* BoardingPassViewRenderTests.swift */,
				1EC814A0AE776CB1DA9023BD /* BoardingPassViewRenderTestSupport.swift */,
				46D4C46AC3A267014129EEDC /* CatalogBoardingPassRepositoryTests.swift */,
				509838B32F4729B722F1FDC2 /* CatalogBoardingPassRepositoryTestSupport.swift */,
				F46BF773AB67D11E39C08FD7 /* GetBoardingPassUseCaseTests.swift */,
				33FB8052C329139336B4F841 /* GetBoardingPassUseCaseTestSupport.swift */,
			);
			path = BoardingPassTests;
			sourceTree = "<group>";
		};
		E7DA14C11121A107CB953E63 /* TestDoubles */ = {
			isa = PBXGroup;
			children = (
				219BE63A59B8E42E1A3EA696 /* BoardingPassRepositorySpy.swift */,
			);
			path = TestDoubles;
			sourceTree = "<group>";
		};
		E84472FE02A19A7853054DD9 /* Packages */ = {
			isa = PBXGroup;
			children = (
				746C63198F1C3F10B5E8F71E /* ios-architecture-showcase */,
			);
			name = Packages;
			sourceTree = "<group>";
		};
		EF01EEE4017ECE5656867DBF /* TestHelpers */ = {
			isa = PBXGroup;
			children = (
				3A687F58465F96B0FA3C2235 /* MemoryLeakTracker.swift */,
				BF279466DE6967A43D0B691B /* ViewRenderSmoke.swift */,
			);
			path = TestHelpers;
			sourceTree = "<group>";
		};
		F8E7D8A956D5D983A371D9E6 /* Fixtures */ = {
			isa = PBXGroup;
			children = (
				2AB66342B56A78AD7AC7ACBD /* Coverage */,
				B8764C9344DA452235FCA9DD /* FlightFixtures.swift */,
			);
			path = Fixtures;
			sourceTree = "<group>";
		};
		FA007822BA13643F93610893 /* TestDoubles */ = {
			isa = PBXGroup;
			children = (
				B1BC8B9D2393532F921FAE90 /* FlightRepositorySpy.swift */,
				C55E5A1B529B6B521616E664 /* WeatherRepositorySpy.swift */,
			);
			path = TestDoubles;
			sourceTree = "<group>";
		};
/* End PBXGroup section */

/* Begin PBXNativeTarget section */
		40DD03739DCA243540B0EC65 /* iOSArchitectureShowcase */ = {
			isa = PBXNativeTarget;
			buildConfigurationList = 646C77069BEE35713B579932 /* Build configuration list for PBXNativeTarget "iOSArchitectureShowcase" */;
			buildPhases = (
				FB49B8F5809925BC3B0B1F7C /* Sources */,
				437A382B4054FA32CA92CC54 /* Frameworks */,
			);
			buildRules = (
			);
			dependencies = (
			);
			name = iOSArchitectureShowcase;
			packageProductDependencies = (
				47C926FE73034A789B54AA38 /* AppComposition */,
			);
			productName = iOSArchitectureShowcase;
			productReference = BC81A108D4ECCE1827DE6A02 /* iOSArchitectureShowcase.app */;
			productType = "com.apple.product-type.application";
		};
		48F03BCC2EABE0755A5F304A /* iOSArchitectureShowcaseTests */ = {
			isa = PBXNativeTarget;
			buildConfigurationList = DB16DDC5F42ED6CC6C1AD42D /* Build configuration list for PBXNativeTarget "iOSArchitectureShowcaseTests" */;
			buildPhases = (
				673AA55B64386D0A381A2FF0 /* Sources */,
				A688A149E4985820A010FDD5 /* Resources */,
				5E648147641990FB97329E30 /* Frameworks */,
			);
			buildRules = (
			);
			dependencies = (
			);
			name = iOSArchitectureShowcaseTests;
			packageProductDependencies = (
				6ACDDE72595B705B0121AA3A /* SharedKernel */,
				BF6768340C61BB4C01A66A86 /* SharedNavigation */,
				0E7C53DE37F7530BA7806A7C /* AuthFeature */,
				1E4C6CDF47452EC0C3B8DEC3 /* FlightsFeature */,
				3F8524181BB91EDD429F9D28 /* BoardingPassFeature */,
				15E7A1DD29BCB38035BC3C9B /* AppComposition */,
			);
			productName = iOSArchitectureShowcaseTests;
			productReference = 1CA8A7B666FDC8A1E2EA1172 /* iOSArchitectureShowcaseTests.xctest */;
			productType = "com.apple.product-type.bundle.unit-test";
		};
/* End PBXNativeTarget section */

/* Begin PBXProject section */
		F93ABC014073CD106646E9B5 /* Project object */ = {
			isa = PBXProject;
			attributes = {
				BuildIndependentTargetsInParallel = YES;
				LastUpgradeCheck = 2630;
				TargetAttributes = {
					40DD03739DCA243540B0EC65 = {
						DevelopmentTeam = "";
					};
				};
			};
			buildConfigurationList = 7B20E18827227E009FB5EDBA /* Build configuration list for PBXProject "iOSArchitectureShowcase" */;
			compatibilityVersion = "Xcode 14.0";
			developmentRegion = en;
			hasScannedForEncodings = 0;
			knownRegions = (
				Base,
				en,
			);
			mainGroup = 2BB2B926634AAA46722AF0B3;
			minimizedProjectReferenceProxies = 1;
			packageReferences = (
				45789B60AB0187AB100B99D6 /* XCLocalSwiftPackageReference "." */,
			);
			preferredProjectObjectVersion = 77;
			projectDirPath = "";
			projectRoot = "";
			targets = (
				40DD03739DCA243540B0EC65 /* iOSArchitectureShowcase */,
				48F03BCC2EABE0755A5F304A /* iOSArchitectureShowcaseTests */,
			);
		};
/* End PBXProject section */

/* Begin PBXResourcesBuildPhase section */
		A688A149E4985820A010FDD5 /* Resources */ = {
			isa = PBXResourcesBuildPhase;
			buildActionMask = 2147483647;
			files = (
				2F281678FE19D22F5E5E2906 /* above-threshold.json in Resources */,
				10ABBAFC8EE97BD7C862405C /* below-threshold.json in Resources */,
				02F9413F20604E7547379DA1 /* filters-generated-and-tests.json in Resources */,
			);
			runOnlyForDeploymentPostprocessing = 0;
		};
/* End PBXResourcesBuildPhase section */

/* Begin PBXSourcesBuildPhase section */
		673AA55B64386D0A381A2FF0 /* Sources */ = {
			isa = PBXSourcesBuildPhase;
			buildActionMask = 2147483647;
			files = (
				4673F75CA02895C758531909 /* AppCoordinatorProtectedNavigationTests.swift in Sources */,
				903A3280B94B16EB2C90BCBF /* AppCoordinatorSessionTests.swift in Sources */,
				570A3C7C7EA23BF63C969BB7 /* AppCoordinatorTestSupport.swift in Sources */,
				F03BDDE561F7F8BC78274620 /* AppReducerProtectedPathTests.swift in Sources */,
				8ADADD114CD834E27CE918B6 /* AppReducerSessionTests.swift in Sources */,
				B68B293F3EC49C4B844B32BC /* AppReducerTestSupport.swift in Sources */,
				371355112F5787D382C8B2F5 /* AppStringsTests.swift in Sources */,
				DE0AC6658474BF282FB1B875 /* AppViewModelTestSupport.swift in Sources */,
				9596AFBD3BA1B01EBE96CB9C /* AppViewModelTests.swift in Sources */,
				C684FD639EC70216A70C910D /* AuthGatewaySpy.swift in Sources */,
				2406146351080FAF736FF1DF /* AuthTestFixtures.swift in Sources */,
				C65382E34B52BA796A5E03B9 /* AuthViewModelInputTests.swift in Sources */,
				00DF02D1DEA3A8F1D92D566D /* AuthViewModelLoginTests.swift in Sources */,
				27DAC36BABC04EA3288AAA2D /* AuthViewModelTestSupport.swift in Sources */,
				462A3BC09A0BACAA1D82895B /* BoardingPassOperationalTimeTests.swift in Sources */,
				44F206AC2E47E5AA580CE0B4 /* BoardingPassRepositorySpy.swift in Sources */,
				1F06B5408F2A51A12D18D546 /* BoardingPassViewModelTestSupport.swift in Sources */,
				68FD7536C7BBD162C0C862F7 /* BoardingPassViewModelTests.swift in Sources */,
				13DCC6E28A264079541C1AD7 /* BoardingPassViewRenderTestSupport.swift in Sources */,
				6D2A361FD4A085CE71ACB82F /* BoardingPassViewRenderTests.swift in Sources */,
				EDEEBACBD55487F58D84B6B3 /* CatalogBoardingPassRepositoryTestSupport.swift in Sources */,
				8517C5E7AB2CB0BB1A9B790C /* CatalogBoardingPassRepositoryTests.swift in Sources */,
				FBF7D5B7AD9BB315D9FC75BC /* CatalogFlightRepositoryTestSupport.swift in Sources */,
				CDC0B4C0CB0AD067359E57B2 /* CatalogFlightRepositoryTests.swift in Sources */,
				BCEE5AA2779193D5A83C4EA5 /* CatalogWeatherRepositoryTestSupport.swift in Sources */,
				2DC5E8A4900972B15BF88DC2 /* CatalogWeatherRepositoryTests.swift in Sources */,
				466E3B3CBA293B165354F89C /* CompositionRootSmokeTestSupport.swift in Sources */,
				75971B41DD8CFC9F8082AC28 /* CompositionRootSmokeTests.swift in Sources */,
				D91BC16B32BE64C288E6840D /* CoverageGateEvaluator.swift in Sources */,
				67F2B45022E7B61028F7D2A2 /* CoverageGateScriptTests.swift in Sources */,
				4959A3E1A978DD5E2AA15C69 /* FlightDetailViewModelTestSupport.swift in Sources */,
				7A23A21E028FA391093BCA56 /* FlightDetailViewModelTests.swift in Sources */,
				04FC656A78E89F96C543C416 /* FlightDetailViewRenderTestSupport.swift in Sources */,
				4086B997A6A8E8520E18AB5A /* FlightDetailViewRenderTests.swift in Sources */,
				35DAF56DD3586BE67FF41456 /* FlightFixtures.swift in Sources */,
				FE37616577FF6B0FC5A5A3C6 /* FlightListSessionControllerTestSupport.swift in Sources */,
				A12FFFDCF1DEB5546131BC2A /* FlightListSessionControllerTests.swift in Sources */,
				69C21CEBEDD1B2C9EE3C1C2A /* FlightListViewModelLoadingTests.swift in Sources */,
				F0D5FB84EB52DD2013147DB4 /* FlightListViewModelPaginationTests.swift in Sources */,
				D024D11B7E0708FBEC8084B9 /* FlightListViewModelRefreshTests.swift in Sources */,
				E8E424A3F1462056F4EAA340 /* FlightListViewModelSessionTests.swift in Sources */,
				3D84B2D0C09B3CB199D32104 /* FlightListViewModelTestSupport.swift in Sources */,
				926687B7B266AA7F4180359C /* FlightListViewRenderPaginationTests.swift in Sources */,
				BCA70A2FBBA6F5AD144166EF /* FlightListViewRenderStateTests.swift in Sources */,
				8BF9998315C9B78B537A7DE2 /* FlightListViewRenderTestSupport.swift in Sources */,
				C12566BEEB609F53A2FDE990 /* FlightOperationalTimeTests.swift in Sources */,
				F5E0FCC0D0321EDFB832826E /* FlightRepositorySpy.swift in Sources */,
				2B021771C2633B8B20EF853D /* FlightStatusPresentationTests.swift in Sources */,
				F56E84D942B501A0064D5F5C /* GetBoardingPassUseCaseTestSupport.swift in Sources */,
				1FA5AF9B63DB5EF210430769 /* GetBoardingPassUseCaseTests.swift in Sources */,
				3E13526F7397D86980B754FA /* GetFlightDetailUseCaseTestSupport.swift in Sources */,
				F590B3914E034469C132E4A9 /* GetFlightDetailUseCaseTests.swift in Sources */,
				757DA044E1FF17F97C7ED84A /* KeychainSessionStoreTestSupport.swift in Sources */,
				D6377C8555583F2C96ECBEA4 /* KeychainSessionStoreTests.swift in Sources */,
				9AC75E81D1F071262CCF39BB /* ListFlightsUseCasePagingTests.swift in Sources */,
				06564F18A38AD103EA5AA1A1 /* ListFlightsUseCaseRefreshTests.swift in Sources */,
				8AE087024E55305BFFEFA949 /* ListFlightsUseCaseTestSupport.swift in Sources */,
				E498B7624842D2F1F529E08F /* LoginEmailFieldConfigurationTests.swift in Sources */,
				F7847FBDD0673FC9AC0AF15A /* LoginUseCaseExecutionTests.swift in Sources */,
				93975C5651D9FDDF8E263DE1 /* LoginUseCasePersistenceTests.swift in Sources */,
				795439E18847D04A2599FE8B /* LoginUseCaseTestSupport.swift in Sources */,
				EF2C1E47C7A93C37F4521845 /* LoginViewRenderTestSupport.swift in Sources */,
				59EBE7A7FB7278E0AE8A27F7 /* LoginViewRenderTests.swift in Sources */,
				BB9A8B6E49EBEB872AB5E8A5 /* LogoutUseCaseTestSupport.swift in Sources */,
				4F3B9D10BD8233074693C786 /* LogoutUseCaseTests.swift in Sources */,
				0A2403FA3B07831D32873928 /* MemoryLeakTracker.swift in Sources */,
				844B0C555CEAFEA3A82921A2 /* NavigationEventBusSpy.swift in Sources */,
				4197775AC4920059DB6CFB5A /* NavigationEventBusTestSupport.swift in Sources */,
				2E305558CC3C991C28484A2E /* NavigationEventBusTests.swift in Sources */,
				75E3149A92D51FCA198092D2 /* ProtectedNavigationPolicyTestSupport.swift in Sources */,
				7515F9D596201118865B1C82 /* ProtectedNavigationPolicyTests.swift in Sources */,
				61C1515A6D14D6CDDD40CD39 /* ProtectedPathCommandChannelTestSupport.swift in Sources */,
				14D69548F77B9ED798363E18 /* ProtectedPathCommandChannelTests.swift in Sources */,
				10A4C6045A42421A36151D9E /* RemoteAuthGatewayTestSupport.swift in Sources */,
				E675C1D6230D10926C7586E6 /* RemoteAuthGatewayTests.swift in Sources */,
				ED90A6BF9051A76DEFA1C44A /* RootViewRenderTestSupport.swift in Sources */,
				D2EF914C8B65C33AD28B4169 /* RootViewRenderTests.swift in Sources */,
				F4E37A9E3A279BA872932584 /* SessionBootstrapperTestSupport.swift in Sources */,
				BB6D1B0B6E38E64BFC9502E8 /* SessionBootstrapperTests.swift in Sources */,
				EAA258EA67E8C5BC97881EC9 /* SessionStoreSpy.swift in Sources */,
				74095BB895652543A1F1ABBB /* ShowcaseAuthRuntimeConfigurationTestSupport.swift in Sources */,
				72DDB2BBE730ECCF597CEC73 /* ShowcaseAuthRuntimeConfigurationTests.swift in Sources */,
				9C0654EDB099C6EA20914C7D /* ToolchainContractTests.swift in Sources */,
				D9917CE4780B81543CE8E7A2 /* ValidateScriptContractTests.swift in Sources */,
				296D1B04AF9033D3002EA3E3 /* ViewRenderSmoke.swift in Sources */,
				8ED40FA59BE84FCC7A4A23E8 /* WeatherRepositorySpy.swift in Sources */,
			);
			runOnlyForDeploymentPostprocessing = 0;
		};
		FB49B8F5809925BC3B0B1F7C /* Sources */ = {
			isa = PBXSourcesBuildPhase;
			buildActionMask = 2147483647;
			files = (
				77E9A27A7B542127F739F998 /* iOSArchitectureShowcaseApp.swift in Sources */,
			);
			runOnlyForDeploymentPostprocessing = 0;
		};
/* End PBXSourcesBuildPhase section */

/* Begin XCBuildConfiguration section */
		2FCFACA6F73F7694A62FB72E /* Release */ = {
			isa = XCBuildConfiguration;
			buildSettings = {
				BUNDLE_LOADER = "$(TEST_HOST)";
				GENERATE_INFOPLIST_FILE = YES;
				IPHONEOS_DEPLOYMENT_TARGET = 17.0;
				LD_RUNPATH_SEARCH_PATHS = (
					"$(inherited)",
					"@executable_path/Frameworks",
					"@loader_path/Frameworks",
				);
				PRODUCT_BUNDLE_IDENTIFIER = com.swiftenprofundidad.iOSArchitectureShowcaseTests;
				SDKROOT = iphoneos;
				TARGETED_DEVICE_FAMILY = "1,2";
			};
			name = Release;
		};
		414EBE477D302FB57A33856C /* Release */ = {
			isa = XCBuildConfiguration;
			buildSettings = {
				ASSETCATALOG_COMPILER_APPICON_NAME = AppIcon;
				CODE_SIGN_IDENTITY = "iPhone Developer";
				DEVELOPMENT_TEAM = "";
				INFOPLIST_FILE = SupportingFiles/Info.plist;
				IPHONEOS_DEPLOYMENT_TARGET = 17.0;
				LD_RUNPATH_SEARCH_PATHS = (
					"$(inherited)",
					"@executable_path/Frameworks",
				);
				PRODUCT_BUNDLE_IDENTIFIER = com.swiftenprofundidad.iOSArchitectureShowcase;
				SDKROOT = iphoneos;
				SWIFT_EMIT_LOC_STRINGS = YES;
				TARGETED_DEVICE_FAMILY = "1,2";
			};
			name = Release;
		};
		496E0E274725FF9E3A02F727 /* Release */ = {
			isa = XCBuildConfiguration;
			buildSettings = {
				ALWAYS_SEARCH_USER_PATHS = NO;
				CLANG_ANALYZER_NONNULL = YES;
				CLANG_ANALYZER_NUMBER_OBJECT_CONVERSION = YES_AGGRESSIVE;
				CLANG_CXX_LANGUAGE_STANDARD = "gnu++14";
				CLANG_CXX_LIBRARY = "libc++";
				CLANG_ENABLE_MODULES = YES;
				CLANG_ENABLE_OBJC_ARC = YES;
				CLANG_ENABLE_OBJC_WEAK = YES;
				CLANG_WARN_BLOCK_CAPTURE_AUTORELEASING = YES;
				CLANG_WARN_BOOL_CONVERSION = YES;
				CLANG_WARN_COMMA = YES;
				CLANG_WARN_CONSTANT_CONVERSION = YES;
				CLANG_WARN_DEPRECATED_OBJC_IMPLEMENTATIONS = YES;
				CLANG_WARN_DIRECT_OBJC_ISA_USAGE = YES_ERROR;
				CLANG_WARN_DOCUMENTATION_COMMENTS = YES;
				CLANG_WARN_EMPTY_BODY = YES;
				CLANG_WARN_ENUM_CONVERSION = YES;
				CLANG_WARN_INFINITE_RECURSION = YES;
				CLANG_WARN_INT_CONVERSION = YES;
				CLANG_WARN_NON_LITERAL_NULL_CONVERSION = YES;
				CLANG_WARN_OBJC_IMPLICIT_RETAIN_SELF = YES;
				CLANG_WARN_OBJC_LITERAL_CONVERSION = YES;
				CLANG_WARN_OBJC_ROOT_CLASS = YES_ERROR;
				CLANG_WARN_QUOTED_INCLUDE_IN_FRAMEWORK_HEADER = YES;
				CLANG_WARN_RANGE_LOOP_ANALYSIS = YES;
				CLANG_WARN_STRICT_PROTOTYPES = YES;
				CLANG_WARN_SUSPICIOUS_MOVE = YES;
				CLANG_WARN_UNGUARDED_AVAILABILITY = YES_AGGRESSIVE;
				CLANG_WARN_UNREACHABLE_CODE = YES;
				CLANG_WARN__DUPLICATE_METHOD_MATCH = YES;
				COPY_PHASE_STRIP = NO;
				DEBUG_INFORMATION_FORMAT = "dwarf-with-dsym";
				DEVELOPMENT_LANGUAGE = en;
				ENABLE_NS_ASSERTIONS = NO;
				ENABLE_STRICT_OBJC_MSGSEND = YES;
				ENABLE_TESTABILITY = YES;
				GCC_C_LANGUAGE_STANDARD = gnu11;
				GCC_NO_COMMON_BLOCKS = YES;
				GCC_WARN_64_TO_32_BIT_CONVERSION = YES;
				GCC_WARN_ABOUT_RETURN_TYPE = YES_ERROR;
				GCC_WARN_UNDECLARED_SELECTOR = YES;
				GCC_WARN_UNINITIALIZED_AUTOS = YES_AGGRESSIVE;
				GCC_WARN_UNUSED_FUNCTION = YES;
				GCC_WARN_UNUSED_VARIABLE = YES;
				IPHONEOS_DEPLOYMENT_TARGET = 17.0;
				MTL_ENABLE_DEBUG_INFO = NO;
				MTL_FAST_MATH = YES;
				PRODUCT_BUNDLE_IDENTIFIER = com.swiftenprofundidad.iOSArchitectureShowcase;
				PRODUCT_NAME = "$(TARGET_NAME)";
				SDKROOT = iphoneos;
				SWIFT_COMPILATION_MODE = wholemodule;
				SWIFT_OPTIMIZATION_LEVEL = "-O";
				SWIFT_STRICT_CONCURRENCY = complete;
				SWIFT_VERSION = 6.2;
			};
			name = Release;
		};
		C83D52A0358E2F4CB5042CB4 /* Debug */ = {
			isa = XCBuildConfiguration;
			buildSettings = {
				ALWAYS_SEARCH_USER_PATHS = NO;
				CLANG_ANALYZER_NONNULL = YES;
				CLANG_ANALYZER_NUMBER_OBJECT_CONVERSION = YES_AGGRESSIVE;
				CLANG_CXX_LANGUAGE_STANDARD = "gnu++14";
				CLANG_CXX_LIBRARY = "libc++";
				CLANG_ENABLE_MODULES = YES;
				CLANG_ENABLE_OBJC_ARC = YES;
				CLANG_ENABLE_OBJC_WEAK = YES;
				CLANG_WARN_BLOCK_CAPTURE_AUTORELEASING = YES;
				CLANG_WARN_BOOL_CONVERSION = YES;
				CLANG_WARN_COMMA = YES;
				CLANG_WARN_CONSTANT_CONVERSION = YES;
				CLANG_WARN_DEPRECATED_OBJC_IMPLEMENTATIONS = YES;
				CLANG_WARN_DIRECT_OBJC_ISA_USAGE = YES_ERROR;
				CLANG_WARN_DOCUMENTATION_COMMENTS = YES;
				CLANG_WARN_EMPTY_BODY = YES;
				CLANG_WARN_ENUM_CONVERSION = YES;
				CLANG_WARN_INFINITE_RECURSION = YES;
				CLANG_WARN_INT_CONVERSION = YES;
				CLANG_WARN_NON_LITERAL_NULL_CONVERSION = YES;
				CLANG_WARN_OBJC_IMPLICIT_RETAIN_SELF = YES;
				CLANG_WARN_OBJC_LITERAL_CONVERSION = YES;
				CLANG_WARN_OBJC_ROOT_CLASS = YES_ERROR;
				CLANG_WARN_QUOTED_INCLUDE_IN_FRAMEWORK_HEADER = YES;
				CLANG_WARN_RANGE_LOOP_ANALYSIS = YES;
				CLANG_WARN_STRICT_PROTOTYPES = YES;
				CLANG_WARN_SUSPICIOUS_MOVE = YES;
				CLANG_WARN_UNGUARDED_AVAILABILITY = YES_AGGRESSIVE;
				CLANG_WARN_UNREACHABLE_CODE = YES;
				CLANG_WARN__DUPLICATE_METHOD_MATCH = YES;
				COPY_PHASE_STRIP = NO;
				DEBUG_INFORMATION_FORMAT = dwarf;
				DEVELOPMENT_LANGUAGE = en;
				ENABLE_STRICT_OBJC_MSGSEND = YES;
				ENABLE_TESTABILITY = YES;
				GCC_C_LANGUAGE_STANDARD = gnu11;
				GCC_DYNAMIC_NO_PIC = NO;
				GCC_NO_COMMON_BLOCKS = YES;
				GCC_OPTIMIZATION_LEVEL = 0;
				GCC_PREPROCESSOR_DEFINITIONS = (
					"$(inherited)",
					"DEBUG=1",
				);
				GCC_WARN_64_TO_32_BIT_CONVERSION = YES;
				GCC_WARN_ABOUT_RETURN_TYPE = YES_ERROR;
				GCC_WARN_UNDECLARED_SELECTOR = YES;
				GCC_WARN_UNINITIALIZED_AUTOS = YES_AGGRESSIVE;
				GCC_WARN_UNUSED_FUNCTION = YES;
				GCC_WARN_UNUSED_VARIABLE = YES;
				IPHONEOS_DEPLOYMENT_TARGET = 17.0;
				MTL_ENABLE_DEBUG_INFO = INCLUDE_SOURCE;
				MTL_FAST_MATH = YES;
				ONLY_ACTIVE_ARCH = YES;
				PRODUCT_BUNDLE_IDENTIFIER = com.swiftenprofundidad.iOSArchitectureShowcase;
				PRODUCT_NAME = "$(TARGET_NAME)";
				SDKROOT = iphoneos;
				SWIFT_ACTIVE_COMPILATION_CONDITIONS = DEBUG;
				SWIFT_OPTIMIZATION_LEVEL = "-Onone";
				SWIFT_STRICT_CONCURRENCY = complete;
				SWIFT_VERSION = 6.2;
			};
			name = Debug;
		};
		CE4755D62B9CA301232A4195 /* Debug */ = {
			isa = XCBuildConfiguration;
			buildSettings = {
				ASSETCATALOG_COMPILER_APPICON_NAME = AppIcon;
				CODE_SIGN_IDENTITY = "iPhone Developer";
				DEVELOPMENT_TEAM = "";
				INFOPLIST_FILE = SupportingFiles/Info.plist;
				IPHONEOS_DEPLOYMENT_TARGET = 17.0;
				LD_RUNPATH_SEARCH_PATHS = (
					"$(inherited)",
					"@executable_path/Frameworks",
				);
				PRODUCT_BUNDLE_IDENTIFIER = com.swiftenprofundidad.iOSArchitectureShowcase;
				SDKROOT = iphoneos;
				SWIFT_EMIT_LOC_STRINGS = YES;
				TARGETED_DEVICE_FAMILY = "1,2";
			};
			name = Debug;
		};
		F011074F7384C28C3182E4B4 /* Debug */ = {
			isa = XCBuildConfiguration;
			buildSettings = {
				BUNDLE_LOADER = "$(TEST_HOST)";
				GENERATE_INFOPLIST_FILE = YES;
				IPHONEOS_DEPLOYMENT_TARGET = 17.0;
				LD_RUNPATH_SEARCH_PATHS = (
					"$(inherited)",
					"@executable_path/Frameworks",
					"@loader_path/Frameworks",
				);
				PRODUCT_BUNDLE_IDENTIFIER = com.swiftenprofundidad.iOSArchitectureShowcaseTests;
				SDKROOT = iphoneos;
				TARGETED_DEVICE_FAMILY = "1,2";
			};
			name = Debug;
		};
/* End XCBuildConfiguration section */

/* Begin XCConfigurationList section */
		646C77069BEE35713B579932 /* Build configuration list for PBXNativeTarget "iOSArchitectureShowcase" */ = {
			isa = XCConfigurationList;
			buildConfigurations = (
				CE4755D62B9CA301232A4195 /* Debug */,
				414EBE477D302FB57A33856C /* Release */,
			);
			defaultConfigurationIsVisible = 0;
			defaultConfigurationName = Debug;
		};
		7B20E18827227E009FB5EDBA /* Build configuration list for PBXProject "iOSArchitectureShowcase" */ = {
			isa = XCConfigurationList;
			buildConfigurations = (
				C83D52A0358E2F4CB5042CB4 /* Debug */,
				496E0E274725FF9E3A02F727 /* Release */,
			);
			defaultConfigurationIsVisible = 0;
			defaultConfigurationName = Debug;
		};
		DB16DDC5F42ED6CC6C1AD42D /* Build configuration list for PBXNativeTarget "iOSArchitectureShowcaseTests" */ = {
			isa = XCConfigurationList;
			buildConfigurations = (
				F011074F7384C28C3182E4B4 /* Debug */,
				2FCFACA6F73F7694A62FB72E /* Release */,
			);
			defaultConfigurationIsVisible = 0;
			defaultConfigurationName = Debug;
		};
/* End XCConfigurationList section */

/* Begin XCLocalSwiftPackageReference section */
		45789B60AB0187AB100B99D6 /* XCLocalSwiftPackageReference "." */ = {
			isa = XCLocalSwiftPackageReference;
			relativePath = .;
		};
/* End XCLocalSwiftPackageReference section */

/* Begin XCSwiftPackageProductDependency section */
		0E7C53DE37F7530BA7806A7C /* AuthFeature */ = {
			isa = XCSwiftPackageProductDependency;
			productName = AuthFeature;
		};
		15E7A1DD29BCB38035BC3C9B /* AppComposition */ = {
			isa = XCSwiftPackageProductDependency;
			productName = AppComposition;
		};
		1E4C6CDF47452EC0C3B8DEC3 /* FlightsFeature */ = {
			isa = XCSwiftPackageProductDependency;
			productName = FlightsFeature;
		};
		3F8524181BB91EDD429F9D28 /* BoardingPassFeature */ = {
			isa = XCSwiftPackageProductDependency;
			productName = BoardingPassFeature;
		};
		47C926FE73034A789B54AA38 /* AppComposition */ = {
			isa = XCSwiftPackageProductDependency;
			productName = AppComposition;
		};
		6ACDDE72595B705B0121AA3A /* SharedKernel */ = {
			isa = XCSwiftPackageProductDependency;
			productName = SharedKernel;
		};
		BF6768340C61BB4C01A66A86 /* SharedNavigation */ = {
			isa = XCSwiftPackageProductDependency;
			productName = SharedNavigation;
		};
/* End XCSwiftPackageProductDependency section */
	};
	rootObject = F93ABC014073CD106646E9B5 /* Project object */;
}
