// !$*UTF8*$!
{
	archiveVersion = 1;
	classes = {
	};
	objectVersion = 77;
	objects = {

/* Begin PBXBuildFile section */
		0546AEA97CBAE22AFC909424 /* FlightListViewModel.swift in Sources */ = {isa = PBXBuildFile; fileRef = 28EF14C3DDB075C9FB6FBDD0 /* FlightListViewModel.swift */; };
		086CF38BE664F843EDE8F8C0 /* AppStateStore.swift in Sources */ = {isa = PBXBuildFile; fileRef = 9993853CD9A40A7DE63305C9 /* AppStateStore.swift */; };
		0A3BF7DFFD36920086085522 /* AuthViewModel.swift in Sources */ = {isa = PBXBuildFile; fileRef = 019CADED97813FFF1EBB02A5 /* AuthViewModel.swift */; };
		0CF8996B5B3B340123A58EFE /* AppCoordinator.swift in Sources */ = {isa = PBXBuildFile; fileRef = 504A7807B1FC0E7BEAB2D9C6 /* AppCoordinator.swift */; };
		143248D880ECFE7BBC5D464D /* FlightRepositorySpy.swift in Sources */ = {isa = PBXBuildFile; fileRef = F585458E7D61A3BA4338E993 /* FlightRepositorySpy.swift */; };
		16848198CF69D04AF0EC3A28 /* DefaultNavigationEventBus.swift in Sources */ = {isa = PBXBuildFile; fileRef = DB591CC73E9F3A04C1CBE6AB /* DefaultNavigationEventBus.swift */; };
		1DCBBC249E3C0B4A4E129CA3 /* DefaultViewFactory.swift in Sources */ = {isa = PBXBuildFile; fileRef = A0301F2CBA49420952D715BB /* DefaultViewFactory.swift */; };
		1F17D36B8D6B540BC28266CE /* InMemoryFlightRepository.swift in Sources */ = {isa = PBXBuildFile; fileRef = 7C19591E9A88F5CDE4D6D7DF /* InMemoryFlightRepository.swift */; };
		1FA5AF9B63DB5EF210430769 /* GetBoardingPassUseCaseTests.swift in Sources */ = {isa = PBXBuildFile; fileRef = F46BF773AB67D11E39C08FD7 /* GetBoardingPassUseCaseTests.swift */; };
		223DF53EF52DD1207FA56B70 /* CompositionRoot.swift in Sources */ = {isa = PBXBuildFile; fileRef = 323B0226D7DC3F76F4BBF360 /* CompositionRoot.swift */; };
		273882F3C52E33DCBBA6E431 /* AuthGatewaySpy.swift in Sources */ = {isa = PBXBuildFile; fileRef = 993B2C5C17666A8735C88427 /* AuthGatewaySpy.swift */; };
		29A80C47A2E67173F676A0A0 /* InMemoryBoardingPassRepository.swift in Sources */ = {isa = PBXBuildFile; fileRef = 0F7855CA4D86BC46FB656604 /* InMemoryBoardingPassRepository.swift */; };
		2E305558CC3C991C28484A2E /* NavigationEventBusTests.swift in Sources */ = {isa = PBXBuildFile; fileRef = 0ED93F8320CCF6CE66CD3666 /* NavigationEventBusTests.swift */; };
		33E6BF418ACE7EE6E7AB218F /* BoardingPassData.swift in Sources */ = {isa = PBXBuildFile; fileRef = 7634C0F44A8639EE23246C6B /* BoardingPassData.swift */; };
		383E0E9F3D9A00D92E073142 /* SessionStoreProtocol.swift in Sources */ = {isa = PBXBuildFile; fileRef = 0A2B9386E44B46B63D00E5FD /* SessionStoreProtocol.swift */; };
		3C2A31EBA69F62144BEFB615 /* BoardingPassView.swift in Sources */ = {isa = PBXBuildFile; fileRef = 123FA4E2D26D7D53B98C9422 /* BoardingPassView.swift */; };
		3EC4B24320C6102B19A887A5 /* LogoutUseCase.swift in Sources */ = {isa = PBXBuildFile; fileRef = 1570DB013CAF7FC8C38D2395 /* LogoutUseCase.swift */; };
		3FD2408C81E770F9C5526B33 /* BoardingPassViewModel.swift in Sources */ = {isa = PBXBuildFile; fileRef = F768E660B5FDD7218EF62BCC /* BoardingPassViewModel.swift */; };
		429C9DBDCF1CF37BED29F6D2 /* AppState.swift in Sources */ = {isa = PBXBuildFile; fileRef = E441F5DAE23EAD6C37FE5B7A /* AppState.swift */; };
		459CCFF6657EFE8EA660536A /* NavigationEventBus.swift in Sources */ = {isa = PBXBuildFile; fileRef = 52D39FDA7E6544D5D297020D /* NavigationEventBus.swift */; };
		4BEDE6D5C632E5069FE69106 /* NavigationEvent.swift in Sources */ = {isa = PBXBuildFile; fileRef = 1E529E3A37922E99802A259D /* NavigationEvent.swift */; };
		4E3F17116449AB68BE92946C /* FlightDetail.swift in Sources */ = {isa = PBXBuildFile; fileRef = 0FAA77A97679E8BB2F200227 /* FlightDetail.swift */; };
		4F3B9D10BD8233074693C786 /* LogoutUseCaseTests.swift in Sources */ = {isa = PBXBuildFile; fileRef = 7FAC9BD23C1F981B930D61B7 /* LogoutUseCaseTests.swift */; };
		513D767BA80E43B0C30E54E3 /* AppReducer.swift in Sources */ = {isa = PBXBuildFile; fileRef = A172213094F0BD83159BB925 /* AppReducer.swift */; };
		579D68C1DA948B934D064BF4 /* AuthGatewayProtocol.swift in Sources */ = {isa = PBXBuildFile; fileRef = B7C55B5CC5A48F16AAC2334F /* AuthGatewayProtocol.swift */; };
		58A92B92B2207EAA2E601CEB /* BoardingPassRepositorySpy.swift in Sources */ = {isa = PBXBuildFile; fileRef = F2C094C4C425FC0115C6BB42 /* BoardingPassRepositorySpy.swift */; };
		60EB70F645A3BDB092312CC6 /* WeatherInfo.swift in Sources */ = {isa = PBXBuildFile; fileRef = B6DCC0CCA4B1E9D8D4171A1D /* WeatherInfo.swift */; };
		61078B559A9C48DD5797FE49 /* LoginUseCase.swift in Sources */ = {isa = PBXBuildFile; fileRef = 2FC08565CF425E61052789CB /* LoginUseCase.swift */; };
		677A76C92C6A2B6A1E7D3BE3 /* FlightRepositoryProtocol.swift in Sources */ = {isa = PBXBuildFile; fileRef = 5D9C46938C8367F245FADCAB /* FlightRepositoryProtocol.swift */; };
		6BD022C0A78E3F2DE05781A1 /* QRCodeView.swift in Sources */ = {isa = PBXBuildFile; fileRef = 032CEA567BE9E9628CAD7227 /* QRCodeView.swift */; };
		6EEF678BC031DED2A90FEC6B /* FlightListView.swift in Sources */ = {isa = PBXBuildFile; fileRef = A315764A43D0B66CEAD9E9B9 /* FlightListView.swift */; };
		717720185C5EAAB34C7A9252 /* PassengerID.swift in Sources */ = {isa = PBXBuildFile; fileRef = 840DF55C3FDDF6D4328A41F6 /* PassengerID.swift */; };
		73FD8C006F10ACE16C7DA34C /* SessionStoreSpy.swift in Sources */ = {isa = PBXBuildFile; fileRef = 5B9806BE86952E2E2A532FD4 /* SessionStoreSpy.swift */; };
		77E9A27A7B542127F739F998 /* iOSArchitectureShowcaseApp.swift in Sources */ = {isa = PBXBuildFile; fileRef = 4FB4D4894587CCC510942F70 /* iOSArchitectureShowcaseApp.swift */; };
		81BDC6F4CD64A1EB4A258585 /* GetBoardingPassUseCase.swift in Sources */ = {isa = PBXBuildFile; fileRef = 48EFA7BC0D4F93EAFBB5C5CC /* GetBoardingPassUseCase.swift */; };
		86C1CC12A0B822CFB59A3EED /* AppRoute.swift in Sources */ = {isa = PBXBuildFile; fileRef = 0F40D6A109E6FFD41C99D34A /* AppRoute.swift */; };
		8A385FED8F54283AC095DE10 /* BoardingPassError.swift in Sources */ = {isa = PBXBuildFile; fileRef = 728DC2A5BE882A2E4A0E4DDA /* BoardingPassError.swift */; };
		8DB16E357AC1BA957D543602 /* GetFlightDetailUseCase.swift in Sources */ = {isa = PBXBuildFile; fileRef = CC8D1D1AE1AB3CE8F235966B /* GetFlightDetailUseCase.swift */; };
		96CB80A27EFA48F378F6EEBD /* InMemoryWeatherRepository.swift in Sources */ = {isa = PBXBuildFile; fileRef = E35720A45DBF9A8C53A685D3 /* InMemoryWeatherRepository.swift */; };
		9A7D3B03A2FB01FC25D12379 /* FlightDetailViewModel.swift in Sources */ = {isa = PBXBuildFile; fileRef = 5E524D1C893611DDD0BDA02F /* FlightDetailViewModel.swift */; };
		9FCC606019EA316B340A65C8 /* FlightID.swift in Sources */ = {isa = PBXBuildFile; fileRef = 9D2129A55F44EB09C449EF47 /* FlightID.swift */; };
		A126E0355E47998C0859CB72 /* Localizable.xcstrings in Resources */ = {isa = PBXBuildFile; fileRef = 321396006C7CEB6147C8C45F /* Localizable.xcstrings */; };
		AB812539176BE1EBFD9FE51C /* AuthError.swift in Sources */ = {isa = PBXBuildFile; fileRef = 656D7D9266C29D8D89498725 /* AuthError.swift */; };
		AB8FD983406F43F0356761EB /* AppCoordinatorTests.swift in Sources */ = {isa = PBXBuildFile; fileRef = A466EA183BFC5B1AF840E8B9 /* AppCoordinatorTests.swift */; };
		B0A806E5EAB41C1F1272F492 /* ListFlightsUseCase.swift in Sources */ = {isa = PBXBuildFile; fileRef = CF840A7631527AB5953059E8 /* ListFlightsUseCase.swift */; };
		B56B54B6147AA9F8EFE44F72 /* WeatherRepositorySpy.swift in Sources */ = {isa = PBXBuildFile; fileRef = 4CEB51E632D28ABC2C7E512A /* WeatherRepositorySpy.swift */; };
		BAE47D85AAE64C20BBCC97E0 /* RootView.swift in Sources */ = {isa = PBXBuildFile; fileRef = 36B3E871CE9F17261BA36595 /* RootView.swift */; };
		BB89FEEC69A5EA719672433A /* LoginView.swift in Sources */ = {isa = PBXBuildFile; fileRef = 810F137D5D7289717561F952 /* LoginView.swift */; };
		C498C2D738832A6670913BAC /* BoardingPassRepositoryProtocol.swift in Sources */ = {isa = PBXBuildFile; fileRef = 5E81B23388A570081AF6EBA6 /* BoardingPassRepositoryProtocol.swift */; };
		CB923FFE79D33CDE14345C3C /* Flight.swift in Sources */ = {isa = PBXBuildFile; fileRef = 8EA26DA6DA9DD58046AE0C03 /* Flight.swift */; };
		CEF786C389A637904E6FD10C /* AppViewModel.swift in Sources */ = {isa = PBXBuildFile; fileRef = B0711B78E913F9A58921E89C /* AppViewModel.swift */; };
		D01FB4C7F9EA3C60F9106F4A /* AuthSession.swift in Sources */ = {isa = PBXBuildFile; fileRef = 63A4A77AB4A579776E445653 /* AuthSession.swift */; };
		D32B6D52D3847F438E12DD63 /* AppReducerTests.swift in Sources */ = {isa = PBXBuildFile; fileRef = 416ACAF3ED3A30DEE6AE46BE /* AppReducerTests.swift */; };
		E46AB47EA480F5BB9DD7C331 /* InMemoryAuthGateway.swift in Sources */ = {isa = PBXBuildFile; fileRef = D96FEB229FD91D42E6AF3B06 /* InMemoryAuthGateway.swift */; };
		E5625CD0FED7509E3FA27367 /* NavigationEventBusSpy.swift in Sources */ = {isa = PBXBuildFile; fileRef = 558FA2EA5DD8180AEED366F0 /* NavigationEventBusSpy.swift */; };
		E7766394FD531BE15A722F7A /* InMemorySessionStore.swift in Sources */ = {isa = PBXBuildFile; fileRef = 2A7B36F211A6508EF96C0901 /* InMemorySessionStore.swift */; };
		EB3642E8BDC82AD4DE2261F9 /* FlightDetailView.swift in Sources */ = {isa = PBXBuildFile; fileRef = 178A296266C9109CA8F56DFA /* FlightDetailView.swift */; };
		EB9C3E171C7DE58D00D6077B /* FlightError.swift in Sources */ = {isa = PBXBuildFile; fileRef = 2AC4C696E1FEF4C65EBC14DB /* FlightError.swift */; };
		F2AB12CC74B5A2830D3B11BC /* LoginUseCaseTests.swift in Sources */ = {isa = PBXBuildFile; fileRef = 0B6552A143A65F30521ABFFB /* LoginUseCaseTests.swift */; };
		F590B3914E034469C132E4A9 /* GetFlightDetailUseCaseTests.swift in Sources */ = {isa = PBXBuildFile; fileRef = 752C3A1FCFEF4435E0DBE182 /* GetFlightDetailUseCaseTests.swift */; };
		F743B4C57C28028DB229B3BD /* ListFlightsUseCaseTests.swift in Sources */ = {isa = PBXBuildFile; fileRef = F1867F767263D04F6DFDB053 /* ListFlightsUseCaseTests.swift */; };
		F8C3781D534B11BD85D90348 /* WeatherRepositoryProtocol.swift in Sources */ = {isa = PBXBuildFile; fileRef = 05041BA3C9CF60FDA984932E /* WeatherRepositoryProtocol.swift */; };
/* End PBXBuildFile section */

/* Begin PBXContainerItemProxy section */
		0F5C27A2AAFE154DDB1212CC /* PBXContainerItemProxy */ = {
			isa = PBXContainerItemProxy;
			containerPortal = F93ABC014073CD106646E9B5 /* Project object */;
			proxyType = 1;
			remoteGlobalIDString = 40DD03739DCA243540B0EC65;
			remoteInfo = iOSArchitectureShowcase;
		};
/* End PBXContainerItemProxy section */

/* Begin PBXFileReference section */
		019CADED97813FFF1EBB02A5 /* AuthViewModel.swift */ = {isa = PBXFileReference; lastKnownFileType = sourcecode.swift; path = AuthViewModel.swift; sourceTree = "<group>"; };
		032CEA567BE9E9628CAD7227 /* QRCodeView.swift */ = {isa = PBXFileReference; lastKnownFileType = sourcecode.swift; path = QRCodeView.swift; sourceTree = "<group>"; };
		05041BA3C9CF60FDA984932E /* WeatherRepositoryProtocol.swift */ = {isa = PBXFileReference; lastKnownFileType = sourcecode.swift; path = WeatherRepositoryProtocol.swift; sourceTree = "<group>"; };
		0A2B9386E44B46B63D00E5FD /* SessionStoreProtocol.swift */ = {isa = PBXFileReference; lastKnownFileType = sourcecode.swift; path = SessionStoreProtocol.swift; sourceTree = "<group>"; };
		0B6552A143A65F30521ABFFB /* LoginUseCaseTests.swift */ = {isa = PBXFileReference; lastKnownFileType = sourcecode.swift; path = LoginUseCaseTests.swift; sourceTree = "<group>"; };
		0ED93F8320CCF6CE66CD3666 /* NavigationEventBusTests.swift */ = {isa = PBXFileReference; lastKnownFileType = sourcecode.swift; path = NavigationEventBusTests.swift; sourceTree = "<group>"; };
		0F40D6A109E6FFD41C99D34A /* AppRoute.swift */ = {isa = PBXFileReference; lastKnownFileType = sourcecode.swift; path = AppRoute.swift; sourceTree = "<group>"; };
		0F7855CA4D86BC46FB656604 /* InMemoryBoardingPassRepository.swift */ = {isa = PBXFileReference; lastKnownFileType = sourcecode.swift; path = InMemoryBoardingPassRepository.swift; sourceTree = "<group>"; };
		0FAA77A97679E8BB2F200227 /* FlightDetail.swift */ = {isa = PBXFileReference; lastKnownFileType = sourcecode.swift; path = FlightDetail.swift; sourceTree = "<group>"; };
		123FA4E2D26D7D53B98C9422 /* BoardingPassView.swift */ = {isa = PBXFileReference; lastKnownFileType = sourcecode.swift; path = BoardingPassView.swift; sourceTree = "<group>"; };
		1570DB013CAF7FC8C38D2395 /* LogoutUseCase.swift */ = {isa = PBXFileReference; lastKnownFileType = sourcecode.swift; path = LogoutUseCase.swift; sourceTree = "<group>"; };
		178A296266C9109CA8F56DFA /* FlightDetailView.swift */ = {isa = PBXFileReference; lastKnownFileType = sourcecode.swift; path = FlightDetailView.swift; sourceTree = "<group>"; };
		1CA8A7B666FDC8A1E2EA1172 /* iOSArchitectureShowcaseTests.xctest */ = {isa = PBXFileReference; includeInIndex = 0; lastKnownFileType = wrapper.cfbundle; path = iOSArchitectureShowcaseTests.xctest; sourceTree = BUILT_PRODUCTS_DIR; };
		1E529E3A37922E99802A259D /* NavigationEvent.swift */ = {isa = PBXFileReference; lastKnownFileType = sourcecode.swift; path = NavigationEvent.swift; sourceTree = "<group>"; };
		28EF14C3DDB075C9FB6FBDD0 /* FlightListViewModel.swift */ = {isa = PBXFileReference; lastKnownFileType = sourcecode.swift; path = FlightListViewModel.swift; sourceTree = "<group>"; };
		2A7B36F211A6508EF96C0901 /* InMemorySessionStore.swift */ = {isa = PBXFileReference; lastKnownFileType = sourcecode.swift; path = InMemorySessionStore.swift; sourceTree = "<group>"; };
		2AC4C696E1FEF4C65EBC14DB /* FlightError.swift */ = {isa = PBXFileReference; lastKnownFileType = sourcecode.swift; path = FlightError.swift; sourceTree = "<group>"; };
		2FC08565CF425E61052789CB /* LoginUseCase.swift */ = {isa = PBXFileReference; lastKnownFileType = sourcecode.swift; path = LoginUseCase.swift; sourceTree = "<group>"; };
		321396006C7CEB6147C8C45F /* Localizable.xcstrings */ = {isa = PBXFileReference; lastKnownFileType = text.json.xcstrings; path = Localizable.xcstrings; sourceTree = "<group>"; };
		323B0226D7DC3F76F4BBF360 /* CompositionRoot.swift */ = {isa = PBXFileReference; lastKnownFileType = sourcecode.swift; path = CompositionRoot.swift; sourceTree = "<group>"; };
		36B3E871CE9F17261BA36595 /* RootView.swift */ = {isa = PBXFileReference; lastKnownFileType = sourcecode.swift; path = RootView.swift; sourceTree = "<group>"; };
		416ACAF3ED3A30DEE6AE46BE /* AppReducerTests.swift */ = {isa = PBXFileReference; lastKnownFileType = sourcecode.swift; path = AppReducerTests.swift; sourceTree = "<group>"; };
		48EFA7BC0D4F93EAFBB5C5CC /* GetBoardingPassUseCase.swift */ = {isa = PBXFileReference; lastKnownFileType = sourcecode.swift; path = GetBoardingPassUseCase.swift; sourceTree = "<group>"; };
		4CEB51E632D28ABC2C7E512A /* WeatherRepositorySpy.swift */ = {isa = PBXFileReference; lastKnownFileType = sourcecode.swift; path = WeatherRepositorySpy.swift; sourceTree = "<group>"; };
		4FB4D4894587CCC510942F70 /* iOSArchitectureShowcaseApp.swift */ = {isa = PBXFileReference; lastKnownFileType = sourcecode.swift; path = iOSArchitectureShowcaseApp.swift; sourceTree = "<group>"; };
		504A7807B1FC0E7BEAB2D9C6 /* AppCoordinator.swift */ = {isa = PBXFileReference; lastKnownFileType = sourcecode.swift; path = AppCoordinator.swift; sourceTree = "<group>"; };
		52D39FDA7E6544D5D297020D /* NavigationEventBus.swift */ = {isa = PBXFileReference; lastKnownFileType = sourcecode.swift; path = NavigationEventBus.swift; sourceTree = "<group>"; };
		558FA2EA5DD8180AEED366F0 /* NavigationEventBusSpy.swift */ = {isa = PBXFileReference; lastKnownFileType = sourcecode.swift; path = NavigationEventBusSpy.swift; sourceTree = "<group>"; };
		5B9806BE86952E2E2A532FD4 /* SessionStoreSpy.swift */ = {isa = PBXFileReference; lastKnownFileType = sourcecode.swift; path = SessionStoreSpy.swift; sourceTree = "<group>"; };
		5D9C46938C8367F245FADCAB /* FlightRepositoryProtocol.swift */ = {isa = PBXFileReference; lastKnownFileType = sourcecode.swift; path = FlightRepositoryProtocol.swift; sourceTree = "<group>"; };
		5E524D1C893611DDD0BDA02F /* FlightDetailViewModel.swift */ = {isa = PBXFileReference; lastKnownFileType = sourcecode.swift; path = FlightDetailViewModel.swift; sourceTree = "<group>"; };
		5E81B23388A570081AF6EBA6 /* BoardingPassRepositoryProtocol.swift */ = {isa = PBXFileReference; lastKnownFileType = sourcecode.swift; path = BoardingPassRepositoryProtocol.swift; sourceTree = "<group>"; };
		63A4A77AB4A579776E445653 /* AuthSession.swift */ = {isa = PBXFileReference; lastKnownFileType = sourcecode.swift; path = AuthSession.swift; sourceTree = "<group>"; };
		656D7D9266C29D8D89498725 /* AuthError.swift */ = {isa = PBXFileReference; lastKnownFileType = sourcecode.swift; path = AuthError.swift; sourceTree = "<group>"; };
		728DC2A5BE882A2E4A0E4DDA /* BoardingPassError.swift */ = {isa = PBXFileReference; lastKnownFileType = sourcecode.swift; path = BoardingPassError.swift; sourceTree = "<group>"; };
		752C3A1FCFEF4435E0DBE182 /* GetFlightDetailUseCaseTests.swift */ = {isa = PBXFileReference; lastKnownFileType = sourcecode.swift; path = GetFlightDetailUseCaseTests.swift; sourceTree = "<group>"; };
		7634C0F44A8639EE23246C6B /* BoardingPassData.swift */ = {isa = PBXFileReference; lastKnownFileType = sourcecode.swift; path = BoardingPassData.swift; sourceTree = "<group>"; };
		7C19591E9A88F5CDE4D6D7DF /* InMemoryFlightRepository.swift */ = {isa = PBXFileReference; lastKnownFileType = sourcecode.swift; path = InMemoryFlightRepository.swift; sourceTree = "<group>"; };
		7FAC9BD23C1F981B930D61B7 /* LogoutUseCaseTests.swift */ = {isa = PBXFileReference; lastKnownFileType = sourcecode.swift; path = LogoutUseCaseTests.swift; sourceTree = "<group>"; };
		810F137D5D7289717561F952 /* LoginView.swift */ = {isa = PBXFileReference; lastKnownFileType = sourcecode.swift; path = LoginView.swift; sourceTree = "<group>"; };
		840DF55C3FDDF6D4328A41F6 /* PassengerID.swift */ = {isa = PBXFileReference; lastKnownFileType = sourcecode.swift; path = PassengerID.swift; sourceTree = "<group>"; };
		8EA26DA6DA9DD58046AE0C03 /* Flight.swift */ = {isa = PBXFileReference; lastKnownFileType = sourcecode.swift; path = Flight.swift; sourceTree = "<group>"; };
		993B2C5C17666A8735C88427 /* AuthGatewaySpy.swift */ = {isa = PBXFileReference; lastKnownFileType = sourcecode.swift; path = AuthGatewaySpy.swift; sourceTree = "<group>"; };
		9993853CD9A40A7DE63305C9 /* AppStateStore.swift */ = {isa = PBXFileReference; lastKnownFileType = sourcecode.swift; path = AppStateStore.swift; sourceTree = "<group>"; };
		9D2129A55F44EB09C449EF47 /* FlightID.swift */ = {isa = PBXFileReference; lastKnownFileType = sourcecode.swift; path = FlightID.swift; sourceTree = "<group>"; };
		A0301F2CBA49420952D715BB /* DefaultViewFactory.swift */ = {isa = PBXFileReference; lastKnownFileType = sourcecode.swift; path = DefaultViewFactory.swift; sourceTree = "<group>"; };
		A172213094F0BD83159BB925 /* AppReducer.swift */ = {isa = PBXFileReference; lastKnownFileType = sourcecode.swift; path = AppReducer.swift; sourceTree = "<group>"; };
		A315764A43D0B66CEAD9E9B9 /* FlightListView.swift */ = {isa = PBXFileReference; lastKnownFileType = sourcecode.swift; path = FlightListView.swift; sourceTree = "<group>"; };
		A466EA183BFC5B1AF840E8B9 /* AppCoordinatorTests.swift */ = {isa = PBXFileReference; lastKnownFileType = sourcecode.swift; path = AppCoordinatorTests.swift; sourceTree = "<group>"; };
		B0711B78E913F9A58921E89C /* AppViewModel.swift */ = {isa = PBXFileReference; lastKnownFileType = sourcecode.swift; path = AppViewModel.swift; sourceTree = "<group>"; };
		B6DCC0CCA4B1E9D8D4171A1D /* WeatherInfo.swift */ = {isa = PBXFileReference; lastKnownFileType = sourcecode.swift; path = WeatherInfo.swift; sourceTree = "<group>"; };
		B7C55B5CC5A48F16AAC2334F /* AuthGatewayProtocol.swift */ = {isa = PBXFileReference; lastKnownFileType = sourcecode.swift; path = AuthGatewayProtocol.swift; sourceTree = "<group>"; };
		BC81A108D4ECCE1827DE6A02 /* iOSArchitectureShowcase.app */ = {isa = PBXFileReference; includeInIndex = 0; lastKnownFileType = wrapper.application; path = iOSArchitectureShowcase.app; sourceTree = BUILT_PRODUCTS_DIR; };
		CC8D1D1AE1AB3CE8F235966B /* GetFlightDetailUseCase.swift */ = {isa = PBXFileReference; lastKnownFileType = sourcecode.swift; path = GetFlightDetailUseCase.swift; sourceTree = "<group>"; };
		CF840A7631527AB5953059E8 /* ListFlightsUseCase.swift */ = {isa = PBXFileReference; lastKnownFileType = sourcecode.swift; path = ListFlightsUseCase.swift; sourceTree = "<group>"; };
		D96FEB229FD91D42E6AF3B06 /* InMemoryAuthGateway.swift */ = {isa = PBXFileReference; lastKnownFileType = sourcecode.swift; path = InMemoryAuthGateway.swift; sourceTree = "<group>"; };
		DB591CC73E9F3A04C1CBE6AB /* DefaultNavigationEventBus.swift */ = {isa = PBXFileReference; lastKnownFileType = sourcecode.swift; path = DefaultNavigationEventBus.swift; sourceTree = "<group>"; };
		E35720A45DBF9A8C53A685D3 /* InMemoryWeatherRepository.swift */ = {isa = PBXFileReference; lastKnownFileType = sourcecode.swift; path = InMemoryWeatherRepository.swift; sourceTree = "<group>"; };
		E441F5DAE23EAD6C37FE5B7A /* AppState.swift */ = {isa = PBXFileReference; lastKnownFileType = sourcecode.swift; path = AppState.swift; sourceTree = "<group>"; };
		F1867F767263D04F6DFDB053 /* ListFlightsUseCaseTests.swift */ = {isa = PBXFileReference; lastKnownFileType = sourcecode.swift; path = ListFlightsUseCaseTests.swift; sourceTree = "<group>"; };
		F2C094C4C425FC0115C6BB42 /* BoardingPassRepositorySpy.swift */ = {isa = PBXFileReference; lastKnownFileType = sourcecode.swift; path = BoardingPassRepositorySpy.swift; sourceTree = "<group>"; };
		F46BF773AB67D11E39C08FD7 /* GetBoardingPassUseCaseTests.swift */ = {isa = PBXFileReference; lastKnownFileType = sourcecode.swift; path = GetBoardingPassUseCaseTests.swift; sourceTree = "<group>"; };
		F585458E7D61A3BA4338E993 /* FlightRepositorySpy.swift */ = {isa = PBXFileReference; lastKnownFileType = sourcecode.swift; path = FlightRepositorySpy.swift; sourceTree = "<group>"; };
		F768E660B5FDD7218EF62BCC /* BoardingPassViewModel.swift */ = {isa = PBXFileReference; lastKnownFileType = sourcecode.swift; path = BoardingPassViewModel.swift; sourceTree = "<group>"; };
/* End PBXFileReference section */

/* Begin PBXGroup section */
		00ED0BF8922FDB7607D548E2 /* Products */ = {
			isa = PBXGroup;
			children = (
				BC81A108D4ECCE1827DE6A02 /* iOSArchitectureShowcase.app */,
				1CA8A7B666FDC8A1E2EA1172 /* iOSArchitectureShowcaseTests.xctest */,
			);
			name = Products;
			sourceTree = "<group>";
		};
		053614505482B681D9534B22 /* use-cases */ = {
			isa = PBXGroup;
			children = (
				48EFA7BC0D4F93EAFBB5C5CC /* GetBoardingPassUseCase.swift */,
			);
			path = "use-cases";
			sourceTree = "<group>";
		};
		08A16FD27FBCA940911D2990 /* application */ = {
			isa = PBXGroup;
			children = (
				CC8AD543F8922D16E253D3CB /* use-cases */,
			);
			path = application;
			sourceTree = "<group>";
		};
		08DEE5E8F63893829891DB62 /* Spies */ = {
			isa = PBXGroup;
			children = (
				F2C094C4C425FC0115C6BB42 /* BoardingPassRepositorySpy.swift */,
			);
			path = Spies;
			sourceTree = "<group>";
		};
		09E6A9C99894C8658E7F489F /* NavigationTests */ = {
			isa = PBXGroup;
			children = (
				A466EA183BFC5B1AF840E8B9 /* AppCoordinatorTests.swift */,
				416ACAF3ED3A30DEE6AE46BE /* AppReducerTests.swift */,
				0ED93F8320CCF6CE66CD3666 /* NavigationEventBusTests.swift */,
			);
			path = NavigationTests;
			sourceTree = "<group>";
		};
		0FC9161A471EBF417EEECBF6 /* infrastructure */ = {
			isa = PBXGroup;
			children = (
				D7B50049DA706C0D21D10188 /* repositories */,
			);
			path = infrastructure;
			sourceTree = "<group>";
		};
		12D087145BDE4A91A42BD10F /* Shared */ = {
			isa = PBXGroup;
			children = (
				09E6A9C99894C8658E7F489F /* NavigationTests */,
			);
			path = Shared;
			sourceTree = "<group>";
		};
		141A82ED9DDCB43061F02E87 /* FlightsTests */ = {
			isa = PBXGroup;
			children = (
				E4B09292A8579C6E48F1B09A /* Spies */,
				752C3A1FCFEF4435E0DBE182 /* GetFlightDetailUseCaseTests.swift */,
				F1867F767263D04F6DFDB053 /* ListFlightsUseCaseTests.swift */,
			);
			path = FlightsTests;
			sourceTree = "<group>";
		};
		179D03B522CB96EFC7B3BFB0 /* repositories */ = {
			isa = PBXGroup;
			children = (
				5D9C46938C8367F245FADCAB /* FlightRepositoryProtocol.swift */,
				05041BA3C9CF60FDA984932E /* WeatherRepositoryProtocol.swift */,
			);
			path = repositories;
			sourceTree = "<group>";
		};
		1CEF15A1AB87769ACDC8C49D /* errors */ = {
			isa = PBXGroup;
			children = (
				2AC4C696E1FEF4C65EBC14DB /* FlightError.swift */,
			);
			path = errors;
			sourceTree = "<group>";
		};
		21B982472D3B45D74541D60C /* Tests */ = {
			isa = PBXGroup;
			children = (
				810D0A4E6CD2BBF3685317F5 /* Features */,
				12D087145BDE4A91A42BD10F /* Shared */,
			);
			path = Tests;
			sourceTree = "<group>";
		};
		25036A77E5839AE18B14A501 /* application */ = {
			isa = PBXGroup;
			children = (
				BAB3405A2FFDA80024DCE8E7 /* use-cases */,
			);
			path = application;
			sourceTree = "<group>";
		};
		2BB2B926634AAA46722AF0B3 = {
			isa = PBXGroup;
			children = (
				4615A7924A0FB2FB0187EDF9 /* Sources */,
				21B982472D3B45D74541D60C /* Tests */,
				00ED0BF8922FDB7607D548E2 /* Products */,
			);
			sourceTree = "<group>";
		};
		2E52786C055A0B22A17DA4DA /* application */ = {
			isa = PBXGroup;
			children = (
				053614505482B681D9534B22 /* use-cases */,
			);
			path = application;
			sourceTree = "<group>";
		};
		2F022B25A50AF5BC7D788BDB /* entities */ = {
			isa = PBXGroup;
			children = (
				7634C0F44A8639EE23246C6B /* BoardingPassData.swift */,
			);
			path = entities;
			sourceTree = "<group>";
		};
		319D1C333D1C9796DC8D365C /* Features */ = {
			isa = PBXGroup;
			children = (
				4A570605EB521D58C6984D19 /* Auth */,
				AA60C60BF41DC861C2ECEE03 /* BoardingPass */,
				6DF988596A0A3B81260BA748 /* Flights */,
			);
			path = Features;
			sourceTree = "<group>";
		};
		3858474DD98FB416DDD484D8 /* EventBus */ = {
			isa = PBXGroup;
			children = (
				504A7807B1FC0E7BEAB2D9C6 /* AppCoordinator.swift */,
				9993853CD9A40A7DE63305C9 /* AppStateStore.swift */,
				DB591CC73E9F3A04C1CBE6AB /* DefaultNavigationEventBus.swift */,
				52D39FDA7E6544D5D297020D /* NavigationEventBus.swift */,
			);
			path = EventBus;
			sourceTree = "<group>";
		};
		3B1274C0F9347356EB158931 /* Shared */ = {
			isa = PBXGroup;
			children = (
				B6EC72556DC87428193E54EC /* Kernel */,
				A08E38741F8CB16C0034037C /* Navigation */,
			);
			path = Shared;
			sourceTree = "<group>";
		};
		40B30369CABE7C465F936A45 /* presentation */ = {
			isa = PBXGroup;
			children = (
				123FA4E2D26D7D53B98C9422 /* BoardingPassView.swift */,
				F768E660B5FDD7218EF62BCC /* BoardingPassViewModel.swift */,
				032CEA567BE9E9628CAD7227 /* QRCodeView.swift */,
			);
			path = presentation;
			sourceTree = "<group>";
		};
		41383FB25D1A55F2A46BA9F5 /* repositories */ = {
			isa = PBXGroup;
			children = (
				D96FEB229FD91D42E6AF3B06 /* InMemoryAuthGateway.swift */,
				2A7B36F211A6508EF96C0901 /* InMemorySessionStore.swift */,
			);
			path = repositories;
			sourceTree = "<group>";
		};
		4615A7924A0FB2FB0187EDF9 /* Sources */ = {
			isa = PBXGroup;
			children = (
				62CB75780C04FB7BB4E050CA /* App */,
				CB402681D93B6A8072C1639C /* AppComposition */,
				319D1C333D1C9796DC8D365C /* Features */,
				3B1274C0F9347356EB158931 /* Shared */,
			);
			path = Sources;
			sourceTree = "<group>";
		};
		4879F0B664CE683B00C7B601 /* repositories */ = {
			isa = PBXGroup;
			children = (
				B7C55B5CC5A48F16AAC2334F /* AuthGatewayProtocol.swift */,
				0A2B9386E44B46B63D00E5FD /* SessionStoreProtocol.swift */,
			);
			path = repositories;
			sourceTree = "<group>";
		};
		4A570605EB521D58C6984D19 /* Auth */ = {
			isa = PBXGroup;
			children = (
				08A16FD27FBCA940911D2990 /* application */,
				61F1666710A8347D31A7D89D /* domain */,
				876CBF0F5E9E84F9CDF0E212 /* infrastructure */,
				D3BEBB8E70B0880F229F5324 /* presentation */,
			);
			path = Auth;
			sourceTree = "<group>";
		};
		5248CD3458F4CDC8D9B50703 /* repositories */ = {
			isa = PBXGroup;
			children = (
				5E81B23388A570081AF6EBA6 /* BoardingPassRepositoryProtocol.swift */,
			);
			path = repositories;
			sourceTree = "<group>";
		};
		5C805FE14B0AB0DA60F6734B /* presentation */ = {
			isa = PBXGroup;
			children = (
				178A296266C9109CA8F56DFA /* FlightDetailView.swift */,
				5E524D1C893611DDD0BDA02F /* FlightDetailViewModel.swift */,
				A315764A43D0B66CEAD9E9B9 /* FlightListView.swift */,
				28EF14C3DDB075C9FB6FBDD0 /* FlightListViewModel.swift */,
			);
			path = presentation;
			sourceTree = "<group>";
		};
		61F1666710A8347D31A7D89D /* domain */ = {
			isa = PBXGroup;
			children = (
				E318C7DBCC66C01228B5ACE5 /* entities */,
				D71277080EDF7D8A00C3CAEC /* errors */,
				4879F0B664CE683B00C7B601 /* repositories */,
			);
			path = domain;
			sourceTree = "<group>";
		};
		62CB75780C04FB7BB4E050CA /* App */ = {
			isa = PBXGroup;
			children = (
				4FB4D4894587CCC510942F70 /* iOSArchitectureShowcaseApp.swift */,
			);
			path = App;
			sourceTree = "<group>";
		};
		6AE534F9687F804E46A407B4 /* entities */ = {
			isa = PBXGroup;
			children = (
				8EA26DA6DA9DD58046AE0C03 /* Flight.swift */,
				0FAA77A97679E8BB2F200227 /* FlightDetail.swift */,
				B6DCC0CCA4B1E9D8D4171A1D /* WeatherInfo.swift */,
			);
			path = entities;
			sourceTree = "<group>";
		};
		6DF988596A0A3B81260BA748 /* Flights */ = {
			isa = PBXGroup;
			children = (
				25036A77E5839AE18B14A501 /* application */,
				FA7452D603239BE4C645E364 /* domain */,
				0FC9161A471EBF417EEECBF6 /* infrastructure */,
				5C805FE14B0AB0DA60F6734B /* presentation */,
			);
			path = Flights;
			sourceTree = "<group>";
		};
		80047044B864DA8F7958E93D /* AuthTests */ = {
			isa = PBXGroup;
			children = (
				FFB736A0F7C63E12107D8E12 /* Spies */,
				0B6552A143A65F30521ABFFB /* LoginUseCaseTests.swift */,
				7FAC9BD23C1F981B930D61B7 /* LogoutUseCaseTests.swift */,
			);
			path = AuthTests;
			sourceTree = "<group>";
		};
		810D0A4E6CD2BBF3685317F5 /* Features */ = {
			isa = PBXGroup;
			children = (
				80047044B864DA8F7958E93D /* AuthTests */,
				9801B107168D43DF1AAEDE4F /* BoardingPassTests */,
				141A82ED9DDCB43061F02E87 /* FlightsTests */,
			);
			path = Features;
			sourceTree = "<group>";
		};
		876CBF0F5E9E84F9CDF0E212 /* infrastructure */ = {
			isa = PBXGroup;
			children = (
				41383FB25D1A55F2A46BA9F5 /* repositories */,
			);
			path = infrastructure;
			sourceTree = "<group>";
		};
		9622D9EAD1CF661AB0218888 /* infrastructure */ = {
			isa = PBXGroup;
			children = (
				E5462BFFDF982F34AEFC8A6A /* repositories */,
			);
			path = infrastructure;
			sourceTree = "<group>";
		};
		9801B107168D43DF1AAEDE4F /* BoardingPassTests */ = {
			isa = PBXGroup;
			children = (
				08DEE5E8F63893829891DB62 /* Spies */,
				F46BF773AB67D11E39C08FD7 /* GetBoardingPassUseCaseTests.swift */,
			);
			path = BoardingPassTests;
			sourceTree = "<group>";
		};
		A08E38741F8CB16C0034037C /* Navigation */ = {
			isa = PBXGroup;
			children = (
				3858474DD98FB416DDD484D8 /* EventBus */,
				F84C472DB985783438B95823 /* Routes */,
			);
			path = Navigation;
			sourceTree = "<group>";
		};
		AA60C60BF41DC861C2ECEE03 /* BoardingPass */ = {
			isa = PBXGroup;
			children = (
				2E52786C055A0B22A17DA4DA /* application */,
				AFEED7F6C2803C06C7ABE4D4 /* domain */,
				9622D9EAD1CF661AB0218888 /* infrastructure */,
				40B30369CABE7C465F936A45 /* presentation */,
			);
			path = BoardingPass;
			sourceTree = "<group>";
		};
		AFEED7F6C2803C06C7ABE4D4 /* domain */ = {
			isa = PBXGroup;
			children = (
				2F022B25A50AF5BC7D788BDB /* entities */,
				E85008B0C7D2A68DD26A4022 /* errors */,
				5248CD3458F4CDC8D9B50703 /* repositories */,
			);
			path = domain;
			sourceTree = "<group>";
		};
		B6EC72556DC87428193E54EC /* Kernel */ = {
			isa = PBXGroup;
			children = (
				9D2129A55F44EB09C449EF47 /* FlightID.swift */,
				840DF55C3FDDF6D4328A41F6 /* PassengerID.swift */,
			);
			path = Kernel;
			sourceTree = "<group>";
		};
		BAB3405A2FFDA80024DCE8E7 /* use-cases */ = {
			isa = PBXGroup;
			children = (
				CC8D1D1AE1AB3CE8F235966B /* GetFlightDetailUseCase.swift */,
				CF840A7631527AB5953059E8 /* ListFlightsUseCase.swift */,
			);
			path = "use-cases";
			sourceTree = "<group>";
		};
		CB402681D93B6A8072C1639C /* AppComposition */ = {
			isa = PBXGroup;
			children = (
				B0711B78E913F9A58921E89C /* AppViewModel.swift */,
				323B0226D7DC3F76F4BBF360 /* CompositionRoot.swift */,
				A0301F2CBA49420952D715BB /* DefaultViewFactory.swift */,
				321396006C7CEB6147C8C45F /* Localizable.xcstrings */,
				36B3E871CE9F17261BA36595 /* RootView.swift */,
			);
			path = AppComposition;
			sourceTree = "<group>";
		};
		CC8AD543F8922D16E253D3CB /* use-cases */ = {
			isa = PBXGroup;
			children = (
				2FC08565CF425E61052789CB /* LoginUseCase.swift */,
				1570DB013CAF7FC8C38D2395 /* LogoutUseCase.swift */,
			);
			path = "use-cases";
			sourceTree = "<group>";
		};
		D3BEBB8E70B0880F229F5324 /* presentation */ = {
			isa = PBXGroup;
			children = (
				019CADED97813FFF1EBB02A5 /* AuthViewModel.swift */,
				810F137D5D7289717561F952 /* LoginView.swift */,
			);
			path = presentation;
			sourceTree = "<group>";
		};
		D71277080EDF7D8A00C3CAEC /* errors */ = {
			isa = PBXGroup;
			children = (
				656D7D9266C29D8D89498725 /* AuthError.swift */,
			);
			path = errors;
			sourceTree = "<group>";
		};
		D7B50049DA706C0D21D10188 /* repositories */ = {
			isa = PBXGroup;
			children = (
				7C19591E9A88F5CDE4D6D7DF /* InMemoryFlightRepository.swift */,
				E35720A45DBF9A8C53A685D3 /* InMemoryWeatherRepository.swift */,
			);
			path = repositories;
			sourceTree = "<group>";
		};
		E318C7DBCC66C01228B5ACE5 /* entities */ = {
			isa = PBXGroup;
			children = (
				63A4A77AB4A579776E445653 /* AuthSession.swift */,
			);
			path = entities;
			sourceTree = "<group>";
		};
		E4B09292A8579C6E48F1B09A /* Spies */ = {
			isa = PBXGroup;
			children = (
				F585458E7D61A3BA4338E993 /* FlightRepositorySpy.swift */,
				4CEB51E632D28ABC2C7E512A /* WeatherRepositorySpy.swift */,
			);
			path = Spies;
			sourceTree = "<group>";
		};
		E5462BFFDF982F34AEFC8A6A /* repositories */ = {
			isa = PBXGroup;
			children = (
				0F7855CA4D86BC46FB656604 /* InMemoryBoardingPassRepository.swift */,
			);
			path = repositories;
			sourceTree = "<group>";
		};
		E85008B0C7D2A68DD26A4022 /* errors */ = {
			isa = PBXGroup;
			children = (
				728DC2A5BE882A2E4A0E4DDA /* BoardingPassError.swift */,
			);
			path = errors;
			sourceTree = "<group>";
		};
		F84C472DB985783438B95823 /* Routes */ = {
			isa = PBXGroup;
			children = (
				A172213094F0BD83159BB925 /* AppReducer.swift */,
				0F40D6A109E6FFD41C99D34A /* AppRoute.swift */,
				E441F5DAE23EAD6C37FE5B7A /* AppState.swift */,
				1E529E3A37922E99802A259D /* NavigationEvent.swift */,
			);
			path = Routes;
			sourceTree = "<group>";
		};
		FA7452D603239BE4C645E364 /* domain */ = {
			isa = PBXGroup;
			children = (
				6AE534F9687F804E46A407B4 /* entities */,
				1CEF15A1AB87769ACDC8C49D /* errors */,
				179D03B522CB96EFC7B3BFB0 /* repositories */,
			);
			path = domain;
			sourceTree = "<group>";
		};
		FFB736A0F7C63E12107D8E12 /* Spies */ = {
			isa = PBXGroup;
			children = (
				993B2C5C17666A8735C88427 /* AuthGatewaySpy.swift */,
				558FA2EA5DD8180AEED366F0 /* NavigationEventBusSpy.swift */,
				5B9806BE86952E2E2A532FD4 /* SessionStoreSpy.swift */,
			);
			path = Spies;
			sourceTree = "<group>";
		};
/* End PBXGroup section */

/* Begin PBXNativeTarget section */
		40DD03739DCA243540B0EC65 /* iOSArchitectureShowcase */ = {
			isa = PBXNativeTarget;
			buildConfigurationList = 646C77069BEE35713B579932 /* Build configuration list for PBXNativeTarget "iOSArchitectureShowcase" */;
			buildPhases = (
				FB49B8F5809925BC3B0B1F7C /* Sources */,
				F1CABD8FA40B07CB509E5ED2 /* Resources */,
			);
			buildRules = (
			);
			dependencies = (
			);
			name = iOSArchitectureShowcase;
			packageProductDependencies = (
			);
			productName = iOSArchitectureShowcase;
			productReference = BC81A108D4ECCE1827DE6A02 /* iOSArchitectureShowcase.app */;
			productType = "com.apple.product-type.application";
		};
		48F03BCC2EABE0755A5F304A /* iOSArchitectureShowcaseTests */ = {
			isa = PBXNativeTarget;
			buildConfigurationList = DB16DDC5F42ED6CC6C1AD42D /* Build configuration list for PBXNativeTarget "iOSArchitectureShowcaseTests" */;
			buildPhases = (
				673AA55B64386D0A381A2FF0 /* Sources */,
			);
			buildRules = (
			);
			dependencies = (
				6B63A564933DE80F4508ABF7 /* PBXTargetDependency */,
			);
			name = iOSArchitectureShowcaseTests;
			packageProductDependencies = (
			);
			productName = iOSArchitectureShowcaseTests;
			productReference = 1CA8A7B666FDC8A1E2EA1172 /* iOSArchitectureShowcaseTests.xctest */;
			productType = "com.apple.product-type.bundle.unit-test";
		};
/* End PBXNativeTarget section */

/* Begin PBXProject section */
		F93ABC014073CD106646E9B5 /* Project object */ = {
			isa = PBXProject;
			attributes = {
				BuildIndependentTargetsInParallel = YES;
				LastUpgradeCheck = 1620;
				TargetAttributes = {
					40DD03739DCA243540B0EC65 = {
						DevelopmentTeam = "";
					};
				};
			};
			buildConfigurationList = 7B20E18827227E009FB5EDBA /* Build configuration list for PBXProject "iOSArchitectureShowcase" */;
			compatibilityVersion = "Xcode 14.0";
			developmentRegion = en;
			hasScannedForEncodings = 0;
			knownRegions = (
				Base,
				en,
				es,
			);
			mainGroup = 2BB2B926634AAA46722AF0B3;
			minimizedProjectReferenceProxies = 1;
			preferredProjectObjectVersion = 77;
			projectDirPath = "";
			projectRoot = "";
			targets = (
				40DD03739DCA243540B0EC65 /* iOSArchitectureShowcase */,
				48F03BCC2EABE0755A5F304A /* iOSArchitectureShowcaseTests */,
			);
		};
/* End PBXProject section */

/* Begin PBXResourcesBuildPhase section */
		F1CABD8FA40B07CB509E5ED2 /* Resources */ = {
			isa = PBXResourcesBuildPhase;
			buildActionMask = 2147483647;
			files = (
				A126E0355E47998C0859CB72 /* Localizable.xcstrings in Resources */,
			);
			runOnlyForDeploymentPostprocessing = 0;
		};
/* End PBXResourcesBuildPhase section */

/* Begin PBXSourcesBuildPhase section */
		673AA55B64386D0A381A2FF0 /* Sources */ = {
			isa = PBXSourcesBuildPhase;
			buildActionMask = 2147483647;
			files = (
				AB8FD983406F43F0356761EB /* AppCoordinatorTests.swift in Sources */,
				D32B6D52D3847F438E12DD63 /* AppReducerTests.swift in Sources */,
				273882F3C52E33DCBBA6E431 /* AuthGatewaySpy.swift in Sources */,
				58A92B92B2207EAA2E601CEB /* BoardingPassRepositorySpy.swift in Sources */,
				143248D880ECFE7BBC5D464D /* FlightRepositorySpy.swift in Sources */,
				1FA5AF9B63DB5EF210430769 /* GetBoardingPassUseCaseTests.swift in Sources */,
				F590B3914E034469C132E4A9 /* GetFlightDetailUseCaseTests.swift in Sources */,
				F743B4C57C28028DB229B3BD /* ListFlightsUseCaseTests.swift in Sources */,
				F2AB12CC74B5A2830D3B11BC /* LoginUseCaseTests.swift in Sources */,
				4F3B9D10BD8233074693C786 /* LogoutUseCaseTests.swift in Sources */,
				E5625CD0FED7509E3FA27367 /* NavigationEventBusSpy.swift in Sources */,
				2E305558CC3C991C28484A2E /* NavigationEventBusTests.swift in Sources */,
				73FD8C006F10ACE16C7DA34C /* SessionStoreSpy.swift in Sources */,
				B56B54B6147AA9F8EFE44F72 /* WeatherRepositorySpy.swift in Sources */,
			);
			runOnlyForDeploymentPostprocessing = 0;
		};
		FB49B8F5809925BC3B0B1F7C /* Sources */ = {
			isa = PBXSourcesBuildPhase;
			buildActionMask = 2147483647;
			files = (
				0CF8996B5B3B340123A58EFE /* AppCoordinator.swift in Sources */,
				513D767BA80E43B0C30E54E3 /* AppReducer.swift in Sources */,
				86C1CC12A0B822CFB59A3EED /* AppRoute.swift in Sources */,
				429C9DBDCF1CF37BED29F6D2 /* AppState.swift in Sources */,
				086CF38BE664F843EDE8F8C0 /* AppStateStore.swift in Sources */,
				CEF786C389A637904E6FD10C /* AppViewModel.swift in Sources */,
				AB812539176BE1EBFD9FE51C /* AuthError.swift in Sources */,
				579D68C1DA948B934D064BF4 /* AuthGatewayProtocol.swift in Sources */,
				D01FB4C7F9EA3C60F9106F4A /* AuthSession.swift in Sources */,
				0A3BF7DFFD36920086085522 /* AuthViewModel.swift in Sources */,
				33E6BF418ACE7EE6E7AB218F /* BoardingPassData.swift in Sources */,
				8A385FED8F54283AC095DE10 /* BoardingPassError.swift in Sources */,
				C498C2D738832A6670913BAC /* BoardingPassRepositoryProtocol.swift in Sources */,
				3C2A31EBA69F62144BEFB615 /* BoardingPassView.swift in Sources */,
				3FD2408C81E770F9C5526B33 /* BoardingPassViewModel.swift in Sources */,
				223DF53EF52DD1207FA56B70 /* CompositionRoot.swift in Sources */,
				16848198CF69D04AF0EC3A28 /* DefaultNavigationEventBus.swift in Sources */,
				1DCBBC249E3C0B4A4E129CA3 /* DefaultViewFactory.swift in Sources */,
				CB923FFE79D33CDE14345C3C /* Flight.swift in Sources */,
				4E3F17116449AB68BE92946C /* FlightDetail.swift in Sources */,
				EB3642E8BDC82AD4DE2261F9 /* FlightDetailView.swift in Sources */,
				9A7D3B03A2FB01FC25D12379 /* FlightDetailViewModel.swift in Sources */,
				EB9C3E171C7DE58D00D6077B /* FlightError.swift in Sources */,
				9FCC606019EA316B340A65C8 /* FlightID.swift in Sources */,
				6EEF678BC031DED2A90FEC6B /* FlightListView.swift in Sources */,
				0546AEA97CBAE22AFC909424 /* FlightListViewModel.swift in Sources */,
				677A76C92C6A2B6A1E7D3BE3 /* FlightRepositoryProtocol.swift in Sources */,
				81BDC6F4CD64A1EB4A258585 /* GetBoardingPassUseCase.swift in Sources */,
				8DB16E357AC1BA957D543602 /* GetFlightDetailUseCase.swift in Sources */,
				E46AB47EA480F5BB9DD7C331 /* InMemoryAuthGateway.swift in Sources */,
				29A80C47A2E67173F676A0A0 /* InMemoryBoardingPassRepository.swift in Sources */,
				1F17D36B8D6B540BC28266CE /* InMemoryFlightRepository.swift in Sources */,
				E7766394FD531BE15A722F7A /* InMemorySessionStore.swift in Sources */,
				96CB80A27EFA48F378F6EEBD /* InMemoryWeatherRepository.swift in Sources */,
				B0A806E5EAB41C1F1272F492 /* ListFlightsUseCase.swift in Sources */,
				61078B559A9C48DD5797FE49 /* LoginUseCase.swift in Sources */,
				BB89FEEC69A5EA719672433A /* LoginView.swift in Sources */,
				3EC4B24320C6102B19A887A5 /* LogoutUseCase.swift in Sources */,
				4BEDE6D5C632E5069FE69106 /* NavigationEvent.swift in Sources */,
				459CCFF6657EFE8EA660536A /* NavigationEventBus.swift in Sources */,
				717720185C5EAAB34C7A9252 /* PassengerID.swift in Sources */,
				6BD022C0A78E3F2DE05781A1 /* QRCodeView.swift in Sources */,
				BAE47D85AAE64C20BBCC97E0 /* RootView.swift in Sources */,
				383E0E9F3D9A00D92E073142 /* SessionStoreProtocol.swift in Sources */,
				60EB70F645A3BDB092312CC6 /* WeatherInfo.swift in Sources */,
				F8C3781D534B11BD85D90348 /* WeatherRepositoryProtocol.swift in Sources */,
				77E9A27A7B542127F739F998 /* iOSArchitectureShowcaseApp.swift in Sources */,
			);
			runOnlyForDeploymentPostprocessing = 0;
		};
/* End PBXSourcesBuildPhase section */

/* Begin PBXTargetDependency section */
		6B63A564933DE80F4508ABF7 /* PBXTargetDependency */ = {
			isa = PBXTargetDependency;
			target = 40DD03739DCA243540B0EC65 /* iOSArchitectureShowcase */;
			targetProxy = 0F5C27A2AAFE154DDB1212CC /* PBXContainerItemProxy */;
		};
/* End PBXTargetDependency section */

/* Begin XCBuildConfiguration section */
		2FCFACA6F73F7694A62FB72E /* Release */ = {
			isa = XCBuildConfiguration;
			buildSettings = {
				BUNDLE_LOADER = "$(TEST_HOST)";
				GENERATE_INFOPLIST_FILE = YES;
				IPHONEOS_DEPLOYMENT_TARGET = 17.0;
				LD_RUNPATH_SEARCH_PATHS = (
					"$(inherited)",
					"@executable_path/Frameworks",
					"@loader_path/Frameworks",
				);
				PRODUCT_BUNDLE_IDENTIFIER = com.swiftenprofundidad.iOSArchitectureShowcaseTests;
				SDKROOT = iphoneos;
				TARGETED_DEVICE_FAMILY = "1,2";
				TEST_HOST = "$(BUILT_PRODUCTS_DIR)/iOSArchitectureShowcase.app/iOSArchitectureShowcase";
			};
			name = Release;
		};
		414EBE477D302FB57A33856C /* Release */ = {
			isa = XCBuildConfiguration;
			buildSettings = {
				ASSETCATALOG_COMPILER_APPICON_NAME = AppIcon;
				CODE_SIGN_IDENTITY = "iPhone Developer";
				DEVELOPMENT_TEAM = "";
				INFOPLIST_FILE = SupportingFiles/Info.plist;
				IPHONEOS_DEPLOYMENT_TARGET = 17.0;
				LD_RUNPATH_SEARCH_PATHS = (
					"$(inherited)",
					"@executable_path/Frameworks",
				);
				PRODUCT_BUNDLE_IDENTIFIER = com.swiftenprofundidad.iOSArchitectureShowcase;
				SDKROOT = iphoneos;
				SWIFT_EMIT_LOC_STRINGS = YES;
				TARGETED_DEVICE_FAMILY = "1,2";
			};
			name = Release;
		};
		496E0E274725FF9E3A02F727 /* Release */ = {
			isa = XCBuildConfiguration;
			buildSettings = {
				ALWAYS_SEARCH_USER_PATHS = NO;
				CLANG_ANALYZER_NONNULL = YES;
				CLANG_ANALYZER_NUMBER_OBJECT_CONVERSION = YES_AGGRESSIVE;
				CLANG_CXX_LANGUAGE_STANDARD = "gnu++14";
				CLANG_CXX_LIBRARY = "libc++";
				CLANG_ENABLE_MODULES = YES;
				CLANG_ENABLE_OBJC_ARC = YES;
				CLANG_ENABLE_OBJC_WEAK = YES;
				CLANG_WARN_BLOCK_CAPTURE_AUTORELEASING = YES;
				CLANG_WARN_BOOL_CONVERSION = YES;
				CLANG_WARN_COMMA = YES;
				CLANG_WARN_CONSTANT_CONVERSION = YES;
				CLANG_WARN_DEPRECATED_OBJC_IMPLEMENTATIONS = YES;
				CLANG_WARN_DIRECT_OBJC_ISA_USAGE = YES_ERROR;
				CLANG_WARN_DOCUMENTATION_COMMENTS = YES;
				CLANG_WARN_EMPTY_BODY = YES;
				CLANG_WARN_ENUM_CONVERSION = YES;
				CLANG_WARN_INFINITE_RECURSION = YES;
				CLANG_WARN_INT_CONVERSION = YES;
				CLANG_WARN_NON_LITERAL_NULL_CONVERSION = YES;
				CLANG_WARN_OBJC_IMPLICIT_RETAIN_SELF = YES;
				CLANG_WARN_OBJC_LITERAL_CONVERSION = YES;
				CLANG_WARN_OBJC_ROOT_CLASS = YES_ERROR;
				CLANG_WARN_QUOTED_INCLUDE_IN_FRAMEWORK_HEADER = YES;
				CLANG_WARN_RANGE_LOOP_ANALYSIS = YES;
				CLANG_WARN_STRICT_PROTOTYPES = YES;
				CLANG_WARN_SUSPICIOUS_MOVE = YES;
				CLANG_WARN_UNGUARDED_AVAILABILITY = YES_AGGRESSIVE;
				CLANG_WARN_UNREACHABLE_CODE = YES;
				CLANG_WARN__DUPLICATE_METHOD_MATCH = YES;
				COPY_PHASE_STRIP = NO;
				DEBUG_INFORMATION_FORMAT = "dwarf-with-dsym";
				ENABLE_NS_ASSERTIONS = NO;
				ENABLE_STRICT_OBJC_MSGSEND = YES;
				ENABLE_TESTABILITY = YES;
				GCC_C_LANGUAGE_STANDARD = gnu11;
				GCC_NO_COMMON_BLOCKS = YES;
				GCC_WARN_64_TO_32_BIT_CONVERSION = YES;
				GCC_WARN_ABOUT_RETURN_TYPE = YES_ERROR;
				GCC_WARN_UNDECLARED_SELECTOR = YES;
				GCC_WARN_UNINITIALIZED_AUTOS = YES_AGGRESSIVE;
				GCC_WARN_UNUSED_FUNCTION = YES;
				GCC_WARN_UNUSED_VARIABLE = YES;
				IPHONEOS_DEPLOYMENT_TARGET = 17.0;
				MTL_ENABLE_DEBUG_INFO = NO;
				MTL_FAST_MATH = YES;
				PRODUCT_BUNDLE_IDENTIFIER = com.swiftenprofundidad.iOSArchitectureShowcase;
				PRODUCT_NAME = "$(TARGET_NAME)";
				SDKROOT = iphoneos;
				SWIFT_COMPILATION_MODE = wholemodule;
				SWIFT_OPTIMIZATION_LEVEL = "-O";
				SWIFT_STRICT_CONCURRENCY = complete;
				SWIFT_VERSION = 6.0;
			};
			name = Release;
		};
		C83D52A0358E2F4CB5042CB4 /* Debug */ = {
			isa = XCBuildConfiguration;
			buildSettings = {
				ALWAYS_SEARCH_USER_PATHS = NO;
				CLANG_ANALYZER_NONNULL = YES;
				CLANG_ANALYZER_NUMBER_OBJECT_CONVERSION = YES_AGGRESSIVE;
				CLANG_CXX_LANGUAGE_STANDARD = "gnu++14";
				CLANG_CXX_LIBRARY = "libc++";
				CLANG_ENABLE_MODULES = YES;
				CLANG_ENABLE_OBJC_ARC = YES;
				CLANG_ENABLE_OBJC_WEAK = YES;
				CLANG_WARN_BLOCK_CAPTURE_AUTORELEASING = YES;
				CLANG_WARN_BOOL_CONVERSION = YES;
				CLANG_WARN_COMMA = YES;
				CLANG_WARN_CONSTANT_CONVERSION = YES;
				CLANG_WARN_DEPRECATED_OBJC_IMPLEMENTATIONS = YES;
				CLANG_WARN_DIRECT_OBJC_ISA_USAGE = YES_ERROR;
				CLANG_WARN_DOCUMENTATION_COMMENTS = YES;
				CLANG_WARN_EMPTY_BODY = YES;
				CLANG_WARN_ENUM_CONVERSION = YES;
				CLANG_WARN_INFINITE_RECURSION = YES;
				CLANG_WARN_INT_CONVERSION = YES;
				CLANG_WARN_NON_LITERAL_NULL_CONVERSION = YES;
				CLANG_WARN_OBJC_IMPLICIT_RETAIN_SELF = YES;
				CLANG_WARN_OBJC_LITERAL_CONVERSION = YES;
				CLANG_WARN_OBJC_ROOT_CLASS = YES_ERROR;
				CLANG_WARN_QUOTED_INCLUDE_IN_FRAMEWORK_HEADER = YES;
				CLANG_WARN_RANGE_LOOP_ANALYSIS = YES;
				CLANG_WARN_STRICT_PROTOTYPES = YES;
				CLANG_WARN_SUSPICIOUS_MOVE = YES;
				CLANG_WARN_UNGUARDED_AVAILABILITY = YES_AGGRESSIVE;
				CLANG_WARN_UNREACHABLE_CODE = YES;
				CLANG_WARN__DUPLICATE_METHOD_MATCH = YES;
				COPY_PHASE_STRIP = NO;
				DEBUG_INFORMATION_FORMAT = "dwarf-with-dsym";
				ENABLE_STRICT_OBJC_MSGSEND = YES;
				ENABLE_TESTABILITY = YES;
				GCC_C_LANGUAGE_STANDARD = gnu11;
				GCC_DYNAMIC_NO_PIC = NO;
				GCC_NO_COMMON_BLOCKS = YES;
				GCC_OPTIMIZATION_LEVEL = 0;
				GCC_PREPROCESSOR_DEFINITIONS = (
					"$(inherited)",
					"DEBUG=1",
				);
				GCC_WARN_64_TO_32_BIT_CONVERSION = YES;
				GCC_WARN_ABOUT_RETURN_TYPE = YES_ERROR;
				GCC_WARN_UNDECLARED_SELECTOR = YES;
				GCC_WARN_UNINITIALIZED_AUTOS = YES_AGGRESSIVE;
				GCC_WARN_UNUSED_FUNCTION = YES;
				GCC_WARN_UNUSED_VARIABLE = YES;
				IPHONEOS_DEPLOYMENT_TARGET = 17.0;
				MTL_ENABLE_DEBUG_INFO = INCLUDE_SOURCE;
				MTL_FAST_MATH = YES;
				ONLY_ACTIVE_ARCH = YES;
				PRODUCT_BUNDLE_IDENTIFIER = com.swiftenprofundidad.iOSArchitectureShowcase;
				PRODUCT_NAME = "$(TARGET_NAME)";
				SDKROOT = iphoneos;
				SWIFT_ACTIVE_COMPILATION_CONDITIONS = DEBUG;
				SWIFT_OPTIMIZATION_LEVEL = "-Onone";
				SWIFT_STRICT_CONCURRENCY = complete;
				SWIFT_VERSION = 6.0;
			};
			name = Debug;
		};
		CE4755D62B9CA301232A4195 /* Debug */ = {
			isa = XCBuildConfiguration;
			buildSettings = {
				ASSETCATALOG_COMPILER_APPICON_NAME = AppIcon;
				CODE_SIGN_IDENTITY = "iPhone Developer";
				DEVELOPMENT_TEAM = "";
				INFOPLIST_FILE = SupportingFiles/Info.plist;
				IPHONEOS_DEPLOYMENT_TARGET = 17.0;
				LD_RUNPATH_SEARCH_PATHS = (
					"$(inherited)",
					"@executable_path/Frameworks",
				);
				PRODUCT_BUNDLE_IDENTIFIER = com.swiftenprofundidad.iOSArchitectureShowcase;
				SDKROOT = iphoneos;
				SWIFT_EMIT_LOC_STRINGS = YES;
				TARGETED_DEVICE_FAMILY = "1,2";
			};
			name = Debug;
		};
		F011074F7384C28C3182E4B4 /* Debug */ = {
			isa = XCBuildConfiguration;
			buildSettings = {
				BUNDLE_LOADER = "$(TEST_HOST)";
				GENERATE_INFOPLIST_FILE = YES;
				IPHONEOS_DEPLOYMENT_TARGET = 17.0;
				LD_RUNPATH_SEARCH_PATHS = (
					"$(inherited)",
					"@executable_path/Frameworks",
					"@loader_path/Frameworks",
				);
				PRODUCT_BUNDLE_IDENTIFIER = com.swiftenprofundidad.iOSArchitectureShowcaseTests;
				SDKROOT = iphoneos;
				TARGETED_DEVICE_FAMILY = "1,2";
				TEST_HOST = "$(BUILT_PRODUCTS_DIR)/iOSArchitectureShowcase.app/iOSArchitectureShowcase";
			};
			name = Debug;
		};
/* End XCBuildConfiguration section */

/* Begin XCConfigurationList section */
		646C77069BEE35713B579932 /* Build configuration list for PBXNativeTarget "iOSArchitectureShowcase" */ = {
			isa = XCConfigurationList;
			buildConfigurations = (
				CE4755D62B9CA301232A4195 /* Debug */,
				414EBE477D302FB57A33856C /* Release */,
			);
			defaultConfigurationIsVisible = 0;
			defaultConfigurationName = Debug;
		};
		7B20E18827227E009FB5EDBA /* Build configuration list for PBXProject "iOSArchitectureShowcase" */ = {
			isa = XCConfigurationList;
			buildConfigurations = (
				C83D52A0358E2F4CB5042CB4 /* Debug */,
				496E0E274725FF9E3A02F727 /* Release */,
			);
			defaultConfigurationIsVisible = 0;
			defaultConfigurationName = Debug;
		};
		DB16DDC5F42ED6CC6C1AD42D /* Build configuration list for PBXNativeTarget "iOSArchitectureShowcaseTests" */ = {
			isa = XCConfigurationList;
			buildConfigurations = (
				F011074F7384C28C3182E4B4 /* Debug */,
				2FCFACA6F73F7694A62FB72E /* Release */,
			);
			defaultConfigurationIsVisible = 0;
			defaultConfigurationName = Debug;
		};
/* End XCConfigurationList section */
	};
	rootObject = F93ABC014073CD106646E9B5 /* Project object */;
}
